// !$*UTF8*$!
{
	archiveVersion = 1;
	classes = {
	};
	objectVersion = 46;
	objects = {

/* Begin PBXBuildFile section */
		78F6ADBB1746A7A700AA070D /* Foundation.framework in Frameworks */ = {isa = PBXBuildFile; fileRef = 78F6ADBA1746A7A700AA070D /* Foundation.framework */; };
		78F6B1451746A9FE00AA070D /* CCAction.m in Sources */ = {isa = PBXBuildFile; fileRef = 78F6B0431746A9FE00AA070D /* CCAction.m */; };
		78F6B1461746A9FE00AA070D /* CCActionCamera.m in Sources */ = {isa = PBXBuildFile; fileRef = 78F6B0451746A9FE00AA070D /* CCActionCamera.m */; };
		78F6B1471746A9FE00AA070D /* CCActionCatmullRom.m in Sources */ = {isa = PBXBuildFile; fileRef = 78F6B0471746A9FE00AA070D /* CCActionCatmullRom.m */; };
		78F6B1481746A9FE00AA070D /* CCActionEase.m in Sources */ = {isa = PBXBuildFile; fileRef = 78F6B0491746A9FE00AA070D /* CCActionEase.m */; };
		78F6B1491746A9FE00AA070D /* CCActionGrid.m in Sources */ = {isa = PBXBuildFile; fileRef = 78F6B04B1746A9FE00AA070D /* CCActionGrid.m */; };
		78F6B14A1746A9FE00AA070D /* CCActionGrid3D.m in Sources */ = {isa = PBXBuildFile; fileRef = 78F6B04D1746A9FE00AA070D /* CCActionGrid3D.m */; };
		78F6B14B1746A9FE00AA070D /* CCActionInstant.m in Sources */ = {isa = PBXBuildFile; fileRef = 78F6B04F1746A9FE00AA070D /* CCActionInstant.m */; };
		78F6B14C1746A9FE00AA070D /* CCActionInterval.m in Sources */ = {isa = PBXBuildFile; fileRef = 78F6B0511746A9FE00AA070D /* CCActionInterval.m */; };
		78F6B14D1746A9FE00AA070D /* CCActionManager.m in Sources */ = {isa = PBXBuildFile; fileRef = 78F6B0531746A9FE00AA070D /* CCActionManager.m */; };
		78F6B14E1746A9FE00AA070D /* CCActionPageTurn3D.m in Sources */ = {isa = PBXBuildFile; fileRef = 78F6B0551746A9FE00AA070D /* CCActionPageTurn3D.m */; };
		78F6B14F1746A9FE00AA070D /* CCActionProgressTimer.m in Sources */ = {isa = PBXBuildFile; fileRef = 78F6B0571746A9FE00AA070D /* CCActionProgressTimer.m */; };
		78F6B1501746A9FE00AA070D /* CCActionTiledGrid.m in Sources */ = {isa = PBXBuildFile; fileRef = 78F6B0591746A9FE00AA070D /* CCActionTiledGrid.m */; };
		78F6B1511746A9FE00AA070D /* CCActionTween.m in Sources */ = {isa = PBXBuildFile; fileRef = 78F6B05B1746A9FE00AA070D /* CCActionTween.m */; };
		78F6B1521746A9FE00AA070D /* CCAnimation.m in Sources */ = {isa = PBXBuildFile; fileRef = 78F6B05D1746A9FE00AA070D /* CCAnimation.m */; };
		78F6B1531746A9FE00AA070D /* CCAnimationCache.m in Sources */ = {isa = PBXBuildFile; fileRef = 78F6B05F1746A9FE00AA070D /* CCAnimationCache.m */; };
		78F6B1541746A9FE00AA070D /* CCAtlasNode.m in Sources */ = {isa = PBXBuildFile; fileRef = 78F6B0611746A9FE00AA070D /* CCAtlasNode.m */; };
		78F6B1551746A9FE00AA070D /* CCCamera.m in Sources */ = {isa = PBXBuildFile; fileRef = 78F6B0631746A9FE00AA070D /* CCCamera.m */; };
		78F6B1561746A9FE00AA070D /* CCClippingNode.m in Sources */ = {isa = PBXBuildFile; fileRef = 78F6B0651746A9FE00AA070D /* CCClippingNode.m */; };
		78F6B1571746A9FE00AA070D /* CCConfiguration.m in Sources */ = {isa = PBXBuildFile; fileRef = 78F6B0681746A9FE00AA070D /* CCConfiguration.m */; };
		78F6B1581746A9FE00AA070D /* ccDeprecated.m in Sources */ = {isa = PBXBuildFile; fileRef = 78F6B06A1746A9FE00AA070D /* ccDeprecated.m */; };
		78F6B1591746A9FE00AA070D /* CCDirector.m in Sources */ = {isa = PBXBuildFile; fileRef = 78F6B06C1746A9FE00AA070D /* CCDirector.m */; };
		78F6B15A1746A9FE00AA070D /* CCDrawingPrimitives.m in Sources */ = {isa = PBXBuildFile; fileRef = 78F6B06E1746A9FE00AA070D /* CCDrawingPrimitives.m */; };
		78F6B15B1746A9FE00AA070D /* CCDrawNode.m in Sources */ = {isa = PBXBuildFile; fileRef = 78F6B0701746A9FE00AA070D /* CCDrawNode.m */; };
		78F6B15C1746A9FE00AA070D /* ccFPSImages.m in Sources */ = {isa = PBXBuildFile; fileRef = 78F6B0721746A9FE00AA070D /* ccFPSImages.m */; };
		78F6B15D1746A9FE00AA070D /* CCGLProgram.m in Sources */ = {isa = PBXBuildFile; fileRef = 78F6B0741746A9FE00AA070D /* CCGLProgram.m */; };
		78F6B15E1746A9FE00AA070D /* ccGLStateCache.m in Sources */ = {isa = PBXBuildFile; fileRef = 78F6B0761746A9FE00AA070D /* ccGLStateCache.m */; };
		78F6B15F1746A9FE00AA070D /* CCGrabber.m in Sources */ = {isa = PBXBuildFile; fileRef = 78F6B0781746A9FE00AA070D /* CCGrabber.m */; };
		78F6B1601746A9FE00AA070D /* CCGrid.m in Sources */ = {isa = PBXBuildFile; fileRef = 78F6B07A1746A9FE00AA070D /* CCGrid.m */; };
		78F6B1611746A9FE00AA070D /* CCLabelAtlas.m in Sources */ = {isa = PBXBuildFile; fileRef = 78F6B07C1746A9FE00AA070D /* CCLabelAtlas.m */; };
		78F6B1621746A9FE00AA070D /* CCLabelBMFont.m in Sources */ = {isa = PBXBuildFile; fileRef = 78F6B07E1746A9FE00AA070D /* CCLabelBMFont.m */; };
		78F6B1631746A9FE00AA070D /* CCLabelTTF.m in Sources */ = {isa = PBXBuildFile; fileRef = 78F6B0801746A9FE00AA070D /* CCLabelTTF.m */; };
		78F6B1641746A9FE00AA070D /* CCLayer.m in Sources */ = {isa = PBXBuildFile; fileRef = 78F6B0821746A9FE00AA070D /* CCLayer.m */; };
		78F6B1651746A9FE00AA070D /* CCMenu.m in Sources */ = {isa = PBXBuildFile; fileRef = 78F6B0851746A9FE00AA070D /* CCMenu.m */; };
		78F6B1661746A9FE00AA070D /* CCMenuItem.m in Sources */ = {isa = PBXBuildFile; fileRef = 78F6B0871746A9FE00AA070D /* CCMenuItem.m */; };
		78F6B1671746A9FE00AA070D /* CCMotionStreak.m in Sources */ = {isa = PBXBuildFile; fileRef = 78F6B0891746A9FE00AA070D /* CCMotionStreak.m */; };
		78F6B1681746A9FE00AA070D /* CCNode+Debug.m in Sources */ = {isa = PBXBuildFile; fileRef = 78F6B08B1746A9FE00AA070D /* CCNode+Debug.m */; };
		78F6B1691746A9FE00AA070D /* CCNode.m in Sources */ = {isa = PBXBuildFile; fileRef = 78F6B08D1746A9FE00AA070D /* CCNode.m */; };
		78F6B16A1746A9FE00AA070D /* CCParallaxNode.m in Sources */ = {isa = PBXBuildFile; fileRef = 78F6B08F1746A9FE00AA070D /* CCParallaxNode.m */; };
		78F6B16B1746A9FE00AA070D /* CCParticleBatchNode.m in Sources */ = {isa = PBXBuildFile; fileRef = 78F6B0911746A9FE00AA070D /* CCParticleBatchNode.m */; };
		78F6B16C1746A9FE00AA070D /* CCParticleExamples.m in Sources */ = {isa = PBXBuildFile; fileRef = 78F6B0931746A9FE00AA070D /* CCParticleExamples.m */; };
		78F6B16D1746A9FE00AA070D /* CCParticleSystem.m in Sources */ = {isa = PBXBuildFile; fileRef = 78F6B0951746A9FE00AA070D /* CCParticleSystem.m */; };
		78F6B16E1746A9FE00AA070D /* CCParticleSystemQuad.m in Sources */ = {isa = PBXBuildFile; fileRef = 78F6B0971746A9FE00AA070D /* CCParticleSystemQuad.m */; };
		78F6B16F1746A9FE00AA070D /* CCPhysicsDebugNode.m in Sources */ = {isa = PBXBuildFile; fileRef = 78F6B0991746A9FE00AA070D /* CCPhysicsDebugNode.m */; };
		78F6B1701746A9FE00AA070D /* CCPhysicsSprite.mm in Sources */ = {isa = PBXBuildFile; fileRef = 78F6B09B1746A9FE00AA070D /* CCPhysicsSprite.mm */; };
		78F6B1711746A9FE00AA070D /* CCProgressTimer.m in Sources */ = {isa = PBXBuildFile; fileRef = 78F6B09D1746A9FE00AA070D /* CCProgressTimer.m */; };
		78F6B1721746A9FE00AA070D /* CCRenderTexture.m in Sources */ = {isa = PBXBuildFile; fileRef = 78F6B0A01746A9FE00AA070D /* CCRenderTexture.m */; };
		78F6B1731746A9FE00AA070D /* CCScene.m in Sources */ = {isa = PBXBuildFile; fileRef = 78F6B0A21746A9FE00AA070D /* CCScene.m */; };
		78F6B1741746A9FE00AA070D /* CCScheduler.m in Sources */ = {isa = PBXBuildFile; fileRef = 78F6B0A41746A9FE00AA070D /* CCScheduler.m */; };
		78F6B1751746A9FE00AA070D /* CCShaderCache.m in Sources */ = {isa = PBXBuildFile; fileRef = 78F6B0B51746A9FE00AA070D /* CCShaderCache.m */; };
		78F6B1761746A9FE00AA070D /* ccShaders.m in Sources */ = {isa = PBXBuildFile; fileRef = 78F6B0B71746A9FE00AA070D /* ccShaders.m */; };
		78F6B1771746A9FE00AA070D /* CCSprite.m in Sources */ = {isa = PBXBuildFile; fileRef = 78F6B0B91746A9FE00AA070D /* CCSprite.m */; };
		78F6B1781746A9FE00AA070D /* CCSpriteBatchNode.m in Sources */ = {isa = PBXBuildFile; fileRef = 78F6B0BB1746A9FE00AA070D /* CCSpriteBatchNode.m */; };
		78F6B1791746A9FE00AA070D /* CCSpriteFrame.m in Sources */ = {isa = PBXBuildFile; fileRef = 78F6B0BD1746A9FE00AA070D /* CCSpriteFrame.m */; };
		78F6B17A1746A9FE00AA070D /* CCSpriteFrameCache.m in Sources */ = {isa = PBXBuildFile; fileRef = 78F6B0BF1746A9FE00AA070D /* CCSpriteFrameCache.m */; };
		78F6B17B1746A9FE00AA070D /* CCTexture2D.m in Sources */ = {isa = PBXBuildFile; fileRef = 78F6B0C11746A9FE00AA070D /* CCTexture2D.m */; };
		78F6B17C1746A9FE00AA070D /* CCTextureAtlas.m in Sources */ = {isa = PBXBuildFile; fileRef = 78F6B0C31746A9FE00AA070D /* CCTextureAtlas.m */; };
		78F6B17D1746A9FE00AA070D /* CCTextureCache.m in Sources */ = {isa = PBXBuildFile; fileRef = 78F6B0C51746A9FE00AA070D /* CCTextureCache.m */; };
		78F6B17E1746A9FE00AA070D /* CCTexturePVR.m in Sources */ = {isa = PBXBuildFile; fileRef = 78F6B0C71746A9FE00AA070D /* CCTexturePVR.m */; };
		78F6B17F1746A9FE00AA070D /* CCTileMapAtlas.m in Sources */ = {isa = PBXBuildFile; fileRef = 78F6B0C91746A9FE00AA070D /* CCTileMapAtlas.m */; };
		78F6B1801746A9FE00AA070D /* CCTMXLayer.m in Sources */ = {isa = PBXBuildFile; fileRef = 78F6B0CB1746A9FE00AA070D /* CCTMXLayer.m */; };
		78F6B1811746A9FE00AA070D /* CCTMXObjectGroup.m in Sources */ = {isa = PBXBuildFile; fileRef = 78F6B0CD1746A9FE00AA070D /* CCTMXObjectGroup.m */; };
		78F6B1821746A9FE00AA070D /* CCTMXTiledMap.m in Sources */ = {isa = PBXBuildFile; fileRef = 78F6B0CF1746A9FE00AA070D /* CCTMXTiledMap.m */; };
		78F6B1831746A9FE00AA070D /* CCTMXXMLParser.m in Sources */ = {isa = PBXBuildFile; fileRef = 78F6B0D11746A9FE00AA070D /* CCTMXXMLParser.m */; };
		78F6B1841746A9FE00AA070D /* CCTransition.m in Sources */ = {isa = PBXBuildFile; fileRef = 78F6B0D31746A9FE00AA070D /* CCTransition.m */; };
		78F6B1851746A9FE00AA070D /* CCTransitionPageTurn.m in Sources */ = {isa = PBXBuildFile; fileRef = 78F6B0D51746A9FE00AA070D /* CCTransitionPageTurn.m */; };
		78F6B1861746A9FE00AA070D /* CCTransitionProgress.m in Sources */ = {isa = PBXBuildFile; fileRef = 78F6B0D71746A9FE00AA070D /* CCTransitionProgress.m */; };
		78F6B1871746A9FE00AA070D /* cocos2d.m in Sources */ = {isa = PBXBuildFile; fileRef = 78F6B0DA1746A9FE00AA070D /* cocos2d.m */; };
		78F6B1881746A9FE00AA070D /* CCDirectorIOS.m in Sources */ = {isa = PBXBuildFile; fileRef = 78F6B0E01746A9FE00AA070D /* CCDirectorIOS.m */; };
		78F6B1891746A9FE00AA070D /* CCES2Renderer.m in Sources */ = {isa = PBXBuildFile; fileRef = 78F6B0E21746A9FE00AA070D /* CCES2Renderer.m */; };
		78F6B18A1746A9FE00AA070D /* CCGLView.m in Sources */ = {isa = PBXBuildFile; fileRef = 78F6B0E51746A9FE00AA070D /* CCGLView.m */; };
		78F6B18B1746A9FE00AA070D /* CCTouchDispatcher.m in Sources */ = {isa = PBXBuildFile; fileRef = 78F6B0E81746A9FE00AA070D /* CCTouchDispatcher.m */; };
		78F6B18C1746A9FE00AA070D /* CCTouchHandler.m in Sources */ = {isa = PBXBuildFile; fileRef = 78F6B0EA1746A9FE00AA070D /* CCTouchHandler.m */; };
		78F6B18D1746A9FE00AA070D /* CCDirectorMac.m in Sources */ = {isa = PBXBuildFile; fileRef = 78F6B0ED1746A9FE00AA070D /* CCDirectorMac.m */; };
		78F6B18E1746A9FE00AA070D /* CCEventDispatcher.m in Sources */ = {isa = PBXBuildFile; fileRef = 78F6B0EF1746A9FE00AA070D /* CCEventDispatcher.m */; };
		78F6B18F1746A9FE00AA070D /* CCGLView.m in Sources */ = {isa = PBXBuildFile; fileRef = 78F6B0F11746A9FE00AA070D /* CCGLView.m */; };
		78F6B1901746A9FE00AA070D /* CCWindow.m in Sources */ = {isa = PBXBuildFile; fileRef = 78F6B0F31746A9FE00AA070D /* CCWindow.m */; };
		78F6B1911746A9FE00AA070D /* base64.c in Sources */ = {isa = PBXBuildFile; fileRef = 78F6B0F51746A9FE00AA070D /* base64.c */; };
		78F6B1921746A9FE00AA070D /* CCArray.m in Sources */ = {isa = PBXBuildFile; fileRef = 78F6B0F81746A9FE00AA070D /* CCArray.m */; };
		78F6B1931746A9FE00AA070D /* ccCArray.m in Sources */ = {isa = PBXBuildFile; fileRef = 78F6B0FA1746A9FE00AA070D /* ccCArray.m */; };
		78F6B1941746A9FE00AA070D /* CCFileUtils.m in Sources */ = {isa = PBXBuildFile; fileRef = 78F6B0FC1746A9FE00AA070D /* CCFileUtils.m */; };
		78F6B1951746A9FE00AA070D /* CCProfiling.m in Sources */ = {isa = PBXBuildFile; fileRef = 78F6B0FE1746A9FE00AA070D /* CCProfiling.m */; };
		78F6B1961746A9FE00AA070D /* ccUtils.c in Sources */ = {isa = PBXBuildFile; fileRef = 78F6B0FF1746A9FE00AA070D /* ccUtils.c */; };
		78F6B1971746A9FE00AA070D /* CCVertex.m in Sources */ = {isa = PBXBuildFile; fileRef = 78F6B1021746A9FE00AA070D /* CCVertex.m */; };
		78F6B1981746A9FE00AA070D /* CGPointExtension.m in Sources */ = {isa = PBXBuildFile; fileRef = 78F6B1041746A9FE00AA070D /* CGPointExtension.m */; };
		78F6B1991746A9FE00AA070D /* NSThread+performBlock.m in Sources */ = {isa = PBXBuildFile; fileRef = 78F6B1061746A9FE00AA070D /* NSThread+performBlock.m */; };
		78F6B19A1746A9FE00AA070D /* TGAlib.m in Sources */ = {isa = PBXBuildFile; fileRef = 78F6B1091746A9FE00AA070D /* TGAlib.m */; };
		78F6B19B1746A9FE00AA070D /* TransformUtils.m in Sources */ = {isa = PBXBuildFile; fileRef = 78F6B10B1746A9FE00AA070D /* TransformUtils.m */; };
		78F6B19C1746A9FE00AA070D /* ZipUtils.m in Sources */ = {isa = PBXBuildFile; fileRef = 78F6B10F1746A9FE00AA070D /* ZipUtils.m */; };
		78F6B19D1746A9FE00AA070D /* CDAudioManager.m in Sources */ = {isa = PBXBuildFile; fileRef = 78F6B1121746A9FE00AA070D /* CDAudioManager.m */; };
		78F6B19E1746A9FE00AA070D /* CDOpenALSupport.m in Sources */ = {isa = PBXBuildFile; fileRef = 78F6B1151746A9FE00AA070D /* CDOpenALSupport.m */; };
		78F6B19F1746A9FE00AA070D /* CDXMacOSXSupport.m in Sources */ = {isa = PBXBuildFile; fileRef = 78F6B1171746A9FE00AA070D /* CDXMacOSXSupport.m */; };
		78F6B1A01746A9FE00AA070D /* CDXPropertyModifierAction.m in Sources */ = {isa = PBXBuildFile; fileRef = 78F6B1191746A9FE00AA070D /* CDXPropertyModifierAction.m */; };
		78F6B1A11746A9FE00AA070D /* CocosDenshion.m in Sources */ = {isa = PBXBuildFile; fileRef = 78F6B11B1746A9FE00AA070D /* CocosDenshion.m */; };
		78F6B1A21746A9FE00AA070D /* SimpleAudioEngine.m in Sources */ = {isa = PBXBuildFile; fileRef = 78F6B11E1746A9FE00AA070D /* SimpleAudioEngine.m */; };
		78F6B1A31746A9FE00AA070D /* aabb.c in Sources */ = {isa = PBXBuildFile; fileRef = 78F6B1321746A9FE00AA070D /* aabb.c */; };
		78F6B1A41746A9FE00AA070D /* mat4stack.c in Sources */ = {isa = PBXBuildFile; fileRef = 78F6B1361746A9FE00AA070D /* mat4stack.c */; };
		78F6B1A51746A9FE00AA070D /* matrix.c in Sources */ = {isa = PBXBuildFile; fileRef = 78F6B1371746A9FE00AA070D /* matrix.c */; };
		78F6B1A61746A9FE00AA070D /* mat3.c in Sources */ = {isa = PBXBuildFile; fileRef = 78F6B1381746A9FE00AA070D /* mat3.c */; };
		78F6B1A71746A9FE00AA070D /* mat4.c in Sources */ = {isa = PBXBuildFile; fileRef = 78F6B1391746A9FE00AA070D /* mat4.c */; };
		78F6B1A81746A9FE00AA070D /* neon_matrix_impl.c in Sources */ = {isa = PBXBuildFile; fileRef = 78F6B13A1746A9FE00AA070D /* neon_matrix_impl.c */; };
		78F6B1A91746A9FE00AA070D /* plane.c in Sources */ = {isa = PBXBuildFile; fileRef = 78F6B13B1746A9FE00AA070D /* plane.c */; };
		78F6B1AA1746A9FE00AA070D /* quaternion.c in Sources */ = {isa = PBXBuildFile; fileRef = 78F6B13C1746A9FE00AA070D /* quaternion.c */; };
		78F6B1AB1746A9FE00AA070D /* ray2.c in Sources */ = {isa = PBXBuildFile; fileRef = 78F6B13D1746A9FE00AA070D /* ray2.c */; };
		78F6B1AC1746A9FE00AA070D /* utility.c in Sources */ = {isa = PBXBuildFile; fileRef = 78F6B13E1746A9FE00AA070D /* utility.c */; };
		78F6B1AD1746A9FE00AA070D /* vec2.c in Sources */ = {isa = PBXBuildFile; fileRef = 78F6B13F1746A9FE00AA070D /* vec2.c */; };
		78F6B1AE1746A9FE00AA070D /* vec3.c in Sources */ = {isa = PBXBuildFile; fileRef = 78F6B1401746A9FE00AA070D /* vec3.c */; };
		78F6B1AF1746A9FE00AA070D /* vec4.c in Sources */ = {isa = PBXBuildFile; fileRef = 78F6B1411746A9FE00AA070D /* vec4.c */; };
/* End PBXBuildFile section */

/* Begin PBXCopyFilesBuildPhase section */
		78F6ADB51746A7A700AA070D /* CopyFiles */ = {
			isa = PBXCopyFilesBuildPhase;
			buildActionMask = 2147483647;
			dstPath = "include/${PRODUCT_NAME}";
			dstSubfolderSpec = 16;
			files = (
			);
			runOnlyForDeploymentPostprocessing = 0;
		};
/* End PBXCopyFilesBuildPhase section */

/* Begin PBXFileReference section */
		78F6ADB71746A7A700AA070D /* libCocos2d.a */ = {isa = PBXFileReference; explicitFileType = archive.ar; includeInIndex = 0; path = libCocos2d.a; sourceTree = BUILT_PRODUCTS_DIR; };
		78F6ADBA1746A7A700AA070D /* Foundation.framework */ = {isa = PBXFileReference; lastKnownFileType = wrapper.framework; name = Foundation.framework; path = System/Library/Frameworks/Foundation.framework; sourceTree = SDKROOT; };
		78F6ADBE1746A7A700AA070D /* Cocos2d-Prefix.pch */ = {isa = PBXFileReference; lastKnownFileType = sourcecode.c.h; path = "Cocos2d-Prefix.pch"; sourceTree = "<group>"; };
		78F6B0421746A9FE00AA070D /* CCAction.h */ = {isa = PBXFileReference; fileEncoding = 4; lastKnownFileType = sourcecode.c.h; path = CCAction.h; sourceTree = "<group>"; };
		78F6B0431746A9FE00AA070D /* CCAction.m */ = {isa = PBXFileReference; fileEncoding = 4; lastKnownFileType = sourcecode.c.objc; path = CCAction.m; sourceTree = "<group>"; };
		78F6B0441746A9FE00AA070D /* CCActionCamera.h */ = {isa = PBXFileReference; fileEncoding = 4; lastKnownFileType = sourcecode.c.h; path = CCActionCamera.h; sourceTree = "<group>"; };
		78F6B0451746A9FE00AA070D /* CCActionCamera.m */ = {isa = PBXFileReference; fileEncoding = 4; lastKnownFileType = sourcecode.c.objc; path = CCActionCamera.m; sourceTree = "<group>"; };
		78F6B0461746A9FE00AA070D /* CCActionCatmullRom.h */ = {isa = PBXFileReference; fileEncoding = 4; lastKnownFileType = sourcecode.c.h; path = CCActionCatmullRom.h; sourceTree = "<group>"; };
		78F6B0471746A9FE00AA070D /* CCActionCatmullRom.m */ = {isa = PBXFileReference; fileEncoding = 4; lastKnownFileType = sourcecode.c.objc; path = CCActionCatmullRom.m; sourceTree = "<group>"; };
		78F6B0481746A9FE00AA070D /* CCActionEase.h */ = {isa = PBXFileReference; fileEncoding = 4; lastKnownFileType = sourcecode.c.h; path = CCActionEase.h; sourceTree = "<group>"; };
		78F6B0491746A9FE00AA070D /* CCActionEase.m */ = {isa = PBXFileReference; fileEncoding = 4; lastKnownFileType = sourcecode.c.objc; path = CCActionEase.m; sourceTree = "<group>"; };
		78F6B04A1746A9FE00AA070D /* CCActionGrid.h */ = {isa = PBXFileReference; fileEncoding = 4; lastKnownFileType = sourcecode.c.h; path = CCActionGrid.h; sourceTree = "<group>"; };
		78F6B04B1746A9FE00AA070D /* CCActionGrid.m */ = {isa = PBXFileReference; fileEncoding = 4; lastKnownFileType = sourcecode.c.objc; path = CCActionGrid.m; sourceTree = "<group>"; };
		78F6B04C1746A9FE00AA070D /* CCActionGrid3D.h */ = {isa = PBXFileReference; fileEncoding = 4; lastKnownFileType = sourcecode.c.h; path = CCActionGrid3D.h; sourceTree = "<group>"; };
		78F6B04D1746A9FE00AA070D /* CCActionGrid3D.m */ = {isa = PBXFileReference; fileEncoding = 4; lastKnownFileType = sourcecode.c.objc; path = CCActionGrid3D.m; sourceTree = "<group>"; };
		78F6B04E1746A9FE00AA070D /* CCActionInstant.h */ = {isa = PBXFileReference; fileEncoding = 4; lastKnownFileType = sourcecode.c.h; path = CCActionInstant.h; sourceTree = "<group>"; };
		78F6B04F1746A9FE00AA070D /* CCActionInstant.m */ = {isa = PBXFileReference; fileEncoding = 4; lastKnownFileType = sourcecode.c.objc; path = CCActionInstant.m; sourceTree = "<group>"; };
		78F6B0501746A9FE00AA070D /* CCActionInterval.h */ = {isa = PBXFileReference; fileEncoding = 4; lastKnownFileType = sourcecode.c.h; path = CCActionInterval.h; sourceTree = "<group>"; };
		78F6B0511746A9FE00AA070D /* CCActionInterval.m */ = {isa = PBXFileReference; fileEncoding = 4; lastKnownFileType = sourcecode.c.objc; path = CCActionInterval.m; sourceTree = "<group>"; };
		78F6B0521746A9FE00AA070D /* CCActionManager.h */ = {isa = PBXFileReference; fileEncoding = 4; lastKnownFileType = sourcecode.c.h; path = CCActionManager.h; sourceTree = "<group>"; };
		78F6B0531746A9FE00AA070D /* CCActionManager.m */ = {isa = PBXFileReference; fileEncoding = 4; lastKnownFileType = sourcecode.c.objc; path = CCActionManager.m; sourceTree = "<group>"; };
		78F6B0541746A9FE00AA070D /* CCActionPageTurn3D.h */ = {isa = PBXFileReference; fileEncoding = 4; lastKnownFileType = sourcecode.c.h; path = CCActionPageTurn3D.h; sourceTree = "<group>"; };
		78F6B0551746A9FE00AA070D /* CCActionPageTurn3D.m */ = {isa = PBXFileReference; fileEncoding = 4; lastKnownFileType = sourcecode.c.objc; path = CCActionPageTurn3D.m; sourceTree = "<group>"; };
		78F6B0561746A9FE00AA070D /* CCActionProgressTimer.h */ = {isa = PBXFileReference; fileEncoding = 4; lastKnownFileType = sourcecode.c.h; path = CCActionProgressTimer.h; sourceTree = "<group>"; };
		78F6B0571746A9FE00AA070D /* CCActionProgressTimer.m */ = {isa = PBXFileReference; fileEncoding = 4; lastKnownFileType = sourcecode.c.objc; path = CCActionProgressTimer.m; sourceTree = "<group>"; };
		78F6B0581746A9FE00AA070D /* CCActionTiledGrid.h */ = {isa = PBXFileReference; fileEncoding = 4; lastKnownFileType = sourcecode.c.h; path = CCActionTiledGrid.h; sourceTree = "<group>"; };
		78F6B0591746A9FE00AA070D /* CCActionTiledGrid.m */ = {isa = PBXFileReference; fileEncoding = 4; lastKnownFileType = sourcecode.c.objc; path = CCActionTiledGrid.m; sourceTree = "<group>"; };
		78F6B05A1746A9FE00AA070D /* CCActionTween.h */ = {isa = PBXFileReference; fileEncoding = 4; lastKnownFileType = sourcecode.c.h; path = CCActionTween.h; sourceTree = "<group>"; };
		78F6B05B1746A9FE00AA070D /* CCActionTween.m */ = {isa = PBXFileReference; fileEncoding = 4; lastKnownFileType = sourcecode.c.objc; path = CCActionTween.m; sourceTree = "<group>"; };
		78F6B05C1746A9FE00AA070D /* CCAnimation.h */ = {isa = PBXFileReference; fileEncoding = 4; lastKnownFileType = sourcecode.c.h; path = CCAnimation.h; sourceTree = "<group>"; };
		78F6B05D1746A9FE00AA070D /* CCAnimation.m */ = {isa = PBXFileReference; fileEncoding = 4; lastKnownFileType = sourcecode.c.objc; path = CCAnimation.m; sourceTree = "<group>"; };
		78F6B05E1746A9FE00AA070D /* CCAnimationCache.h */ = {isa = PBXFileReference; fileEncoding = 4; lastKnownFileType = sourcecode.c.h; path = CCAnimationCache.h; sourceTree = "<group>"; };
		78F6B05F1746A9FE00AA070D /* CCAnimationCache.m */ = {isa = PBXFileReference; fileEncoding = 4; lastKnownFileType = sourcecode.c.objc; path = CCAnimationCache.m; sourceTree = "<group>"; };
		78F6B0601746A9FE00AA070D /* CCAtlasNode.h */ = {isa = PBXFileReference; fileEncoding = 4; lastKnownFileType = sourcecode.c.h; path = CCAtlasNode.h; sourceTree = "<group>"; };
		78F6B0611746A9FE00AA070D /* CCAtlasNode.m */ = {isa = PBXFileReference; fileEncoding = 4; lastKnownFileType = sourcecode.c.objc; path = CCAtlasNode.m; sourceTree = "<group>"; };
		78F6B0621746A9FE00AA070D /* CCCamera.h */ = {isa = PBXFileReference; fileEncoding = 4; lastKnownFileType = sourcecode.c.h; path = CCCamera.h; sourceTree = "<group>"; };
		78F6B0631746A9FE00AA070D /* CCCamera.m */ = {isa = PBXFileReference; fileEncoding = 4; lastKnownFileType = sourcecode.c.objc; path = CCCamera.m; sourceTree = "<group>"; };
		78F6B0641746A9FE00AA070D /* CCClippingNode.h */ = {isa = PBXFileReference; fileEncoding = 4; lastKnownFileType = sourcecode.c.h; path = CCClippingNode.h; sourceTree = "<group>"; };
		78F6B0651746A9FE00AA070D /* CCClippingNode.m */ = {isa = PBXFileReference; fileEncoding = 4; lastKnownFileType = sourcecode.c.objc; path = CCClippingNode.m; sourceTree = "<group>"; };
		78F6B0661746A9FE00AA070D /* ccConfig.h */ = {isa = PBXFileReference; fileEncoding = 4; lastKnownFileType = sourcecode.c.h; path = ccConfig.h; sourceTree = "<group>"; };
		78F6B0671746A9FE00AA070D /* CCConfiguration.h */ = {isa = PBXFileReference; fileEncoding = 4; lastKnownFileType = sourcecode.c.h; path = CCConfiguration.h; sourceTree = "<group>"; };
		78F6B0681746A9FE00AA070D /* CCConfiguration.m */ = {isa = PBXFileReference; fileEncoding = 4; lastKnownFileType = sourcecode.c.objc; path = CCConfiguration.m; sourceTree = "<group>"; };
		78F6B0691746A9FE00AA070D /* ccDeprecated.h */ = {isa = PBXFileReference; fileEncoding = 4; lastKnownFileType = sourcecode.c.h; path = ccDeprecated.h; sourceTree = "<group>"; };
		78F6B06A1746A9FE00AA070D /* ccDeprecated.m */ = {isa = PBXFileReference; fileEncoding = 4; lastKnownFileType = sourcecode.c.objc; path = ccDeprecated.m; sourceTree = "<group>"; };
		78F6B06B1746A9FE00AA070D /* CCDirector.h */ = {isa = PBXFileReference; fileEncoding = 4; lastKnownFileType = sourcecode.c.h; path = CCDirector.h; sourceTree = "<group>"; };
		78F6B06C1746A9FE00AA070D /* CCDirector.m */ = {isa = PBXFileReference; fileEncoding = 4; lastKnownFileType = sourcecode.c.objc; path = CCDirector.m; sourceTree = "<group>"; };
		78F6B06D1746A9FE00AA070D /* CCDrawingPrimitives.h */ = {isa = PBXFileReference; fileEncoding = 4; lastKnownFileType = sourcecode.c.h; path = CCDrawingPrimitives.h; sourceTree = "<group>"; };
		78F6B06E1746A9FE00AA070D /* CCDrawingPrimitives.m */ = {isa = PBXFileReference; fileEncoding = 4; lastKnownFileType = sourcecode.c.objc; path = CCDrawingPrimitives.m; sourceTree = "<group>"; };
		78F6B06F1746A9FE00AA070D /* CCDrawNode.h */ = {isa = PBXFileReference; fileEncoding = 4; lastKnownFileType = sourcecode.c.h; path = CCDrawNode.h; sourceTree = "<group>"; };
		78F6B0701746A9FE00AA070D /* CCDrawNode.m */ = {isa = PBXFileReference; fileEncoding = 4; lastKnownFileType = sourcecode.c.objc; path = CCDrawNode.m; sourceTree = "<group>"; };
		78F6B0711746A9FE00AA070D /* ccFPSImages.h */ = {isa = PBXFileReference; fileEncoding = 4; lastKnownFileType = sourcecode.c.h; path = ccFPSImages.h; sourceTree = "<group>"; };
		78F6B0721746A9FE00AA070D /* ccFPSImages.m */ = {isa = PBXFileReference; fileEncoding = 4; lastKnownFileType = sourcecode.c.objc; path = ccFPSImages.m; sourceTree = "<group>"; };
		78F6B0731746A9FE00AA070D /* CCGLProgram.h */ = {isa = PBXFileReference; fileEncoding = 4; lastKnownFileType = sourcecode.c.h; path = CCGLProgram.h; sourceTree = "<group>"; };
		78F6B0741746A9FE00AA070D /* CCGLProgram.m */ = {isa = PBXFileReference; fileEncoding = 4; lastKnownFileType = sourcecode.c.objc; path = CCGLProgram.m; sourceTree = "<group>"; };
		78F6B0751746A9FE00AA070D /* ccGLStateCache.h */ = {isa = PBXFileReference; fileEncoding = 4; lastKnownFileType = sourcecode.c.h; path = ccGLStateCache.h; sourceTree = "<group>"; };
		78F6B0761746A9FE00AA070D /* ccGLStateCache.m */ = {isa = PBXFileReference; fileEncoding = 4; lastKnownFileType = sourcecode.c.objc; path = ccGLStateCache.m; sourceTree = "<group>"; };
		78F6B0771746A9FE00AA070D /* CCGrabber.h */ = {isa = PBXFileReference; fileEncoding = 4; lastKnownFileType = sourcecode.c.h; path = CCGrabber.h; sourceTree = "<group>"; };
		78F6B0781746A9FE00AA070D /* CCGrabber.m */ = {isa = PBXFileReference; fileEncoding = 4; lastKnownFileType = sourcecode.c.objc; path = CCGrabber.m; sourceTree = "<group>"; };
		78F6B0791746A9FE00AA070D /* CCGrid.h */ = {isa = PBXFileReference; fileEncoding = 4; lastKnownFileType = sourcecode.c.h; path = CCGrid.h; sourceTree = "<group>"; };
		78F6B07A1746A9FE00AA070D /* CCGrid.m */ = {isa = PBXFileReference; fileEncoding = 4; lastKnownFileType = sourcecode.c.objc; path = CCGrid.m; sourceTree = "<group>"; };
		78F6B07B1746A9FE00AA070D /* CCLabelAtlas.h */ = {isa = PBXFileReference; fileEncoding = 4; lastKnownFileType = sourcecode.c.h; path = CCLabelAtlas.h; sourceTree = "<group>"; };
		78F6B07C1746A9FE00AA070D /* CCLabelAtlas.m */ = {isa = PBXFileReference; fileEncoding = 4; lastKnownFileType = sourcecode.c.objc; path = CCLabelAtlas.m; sourceTree = "<group>"; };
		78F6B07D1746A9FE00AA070D /* CCLabelBMFont.h */ = {isa = PBXFileReference; fileEncoding = 4; lastKnownFileType = sourcecode.c.h; path = CCLabelBMFont.h; sourceTree = "<group>"; };
		78F6B07E1746A9FE00AA070D /* CCLabelBMFont.m */ = {isa = PBXFileReference; fileEncoding = 4; lastKnownFileType = sourcecode.c.objc; path = CCLabelBMFont.m; sourceTree = "<group>"; };
		78F6B07F1746A9FE00AA070D /* CCLabelTTF.h */ = {isa = PBXFileReference; fileEncoding = 4; lastKnownFileType = sourcecode.c.h; path = CCLabelTTF.h; sourceTree = "<group>"; };
		78F6B0801746A9FE00AA070D /* CCLabelTTF.m */ = {isa = PBXFileReference; fileEncoding = 4; lastKnownFileType = sourcecode.c.objc; path = CCLabelTTF.m; sourceTree = "<group>"; };
		78F6B0811746A9FE00AA070D /* CCLayer.h */ = {isa = PBXFileReference; fileEncoding = 4; lastKnownFileType = sourcecode.c.h; path = CCLayer.h; sourceTree = "<group>"; };
		78F6B0821746A9FE00AA070D /* CCLayer.m */ = {isa = PBXFileReference; fileEncoding = 4; lastKnownFileType = sourcecode.c.objc; path = CCLayer.m; sourceTree = "<group>"; };
		78F6B0831746A9FE00AA070D /* ccMacros.h */ = {isa = PBXFileReference; fileEncoding = 4; lastKnownFileType = sourcecode.c.h; path = ccMacros.h; sourceTree = "<group>"; };
		78F6B0841746A9FE00AA070D /* CCMenu.h */ = {isa = PBXFileReference; fileEncoding = 4; lastKnownFileType = sourcecode.c.h; path = CCMenu.h; sourceTree = "<group>"; };
		78F6B0851746A9FE00AA070D /* CCMenu.m */ = {isa = PBXFileReference; fileEncoding = 4; lastKnownFileType = sourcecode.c.objc; path = CCMenu.m; sourceTree = "<group>"; };
		78F6B0861746A9FE00AA070D /* CCMenuItem.h */ = {isa = PBXFileReference; fileEncoding = 4; lastKnownFileType = sourcecode.c.h; path = CCMenuItem.h; sourceTree = "<group>"; };
		78F6B0871746A9FE00AA070D /* CCMenuItem.m */ = {isa = PBXFileReference; fileEncoding = 4; lastKnownFileType = sourcecode.c.objc; path = CCMenuItem.m; sourceTree = "<group>"; };
		78F6B0881746A9FE00AA070D /* CCMotionStreak.h */ = {isa = PBXFileReference; fileEncoding = 4; lastKnownFileType = sourcecode.c.h; path = CCMotionStreak.h; sourceTree = "<group>"; };
		78F6B0891746A9FE00AA070D /* CCMotionStreak.m */ = {isa = PBXFileReference; fileEncoding = 4; lastKnownFileType = sourcecode.c.objc; path = CCMotionStreak.m; sourceTree = "<group>"; };
		78F6B08A1746A9FE00AA070D /* CCNode+Debug.h */ = {isa = PBXFileReference; fileEncoding = 4; lastKnownFileType = sourcecode.c.h; path = "CCNode+Debug.h"; sourceTree = "<group>"; };
		78F6B08B1746A9FE00AA070D /* CCNode+Debug.m */ = {isa = PBXFileReference; fileEncoding = 4; lastKnownFileType = sourcecode.c.objc; path = "CCNode+Debug.m"; sourceTree = "<group>"; };
		78F6B08C1746A9FE00AA070D /* CCNode.h */ = {isa = PBXFileReference; fileEncoding = 4; lastKnownFileType = sourcecode.c.h; path = CCNode.h; sourceTree = "<group>"; };
		78F6B08D1746A9FE00AA070D /* CCNode.m */ = {isa = PBXFileReference; fileEncoding = 4; lastKnownFileType = sourcecode.c.objc; path = CCNode.m; sourceTree = "<group>"; };
		78F6B08E1746A9FE00AA070D /* CCParallaxNode.h */ = {isa = PBXFileReference; fileEncoding = 4; lastKnownFileType = sourcecode.c.h; path = CCParallaxNode.h; sourceTree = "<group>"; };
		78F6B08F1746A9FE00AA070D /* CCParallaxNode.m */ = {isa = PBXFileReference; fileEncoding = 4; lastKnownFileType = sourcecode.c.objc; path = CCParallaxNode.m; sourceTree = "<group>"; };
		78F6B0901746A9FE00AA070D /* CCParticleBatchNode.h */ = {isa = PBXFileReference; fileEncoding = 4; lastKnownFileType = sourcecode.c.h; path = CCParticleBatchNode.h; sourceTree = "<group>"; };
		78F6B0911746A9FE00AA070D /* CCParticleBatchNode.m */ = {isa = PBXFileReference; fileEncoding = 4; lastKnownFileType = sourcecode.c.objc; path = CCParticleBatchNode.m; sourceTree = "<group>"; };
		78F6B0921746A9FE00AA070D /* CCParticleExamples.h */ = {isa = PBXFileReference; fileEncoding = 4; lastKnownFileType = sourcecode.c.h; path = CCParticleExamples.h; sourceTree = "<group>"; };
		78F6B0931746A9FE00AA070D /* CCParticleExamples.m */ = {isa = PBXFileReference; fileEncoding = 4; lastKnownFileType = sourcecode.c.objc; path = CCParticleExamples.m; sourceTree = "<group>"; };
		78F6B0941746A9FE00AA070D /* CCParticleSystem.h */ = {isa = PBXFileReference; fileEncoding = 4; lastKnownFileType = sourcecode.c.h; path = CCParticleSystem.h; sourceTree = "<group>"; };
		78F6B0951746A9FE00AA070D /* CCParticleSystem.m */ = {isa = PBXFileReference; fileEncoding = 4; lastKnownFileType = sourcecode.c.objc; path = CCParticleSystem.m; sourceTree = "<group>"; };
		78F6B0961746A9FE00AA070D /* CCParticleSystemQuad.h */ = {isa = PBXFileReference; fileEncoding = 4; lastKnownFileType = sourcecode.c.h; path = CCParticleSystemQuad.h; sourceTree = "<group>"; };
		78F6B0971746A9FE00AA070D /* CCParticleSystemQuad.m */ = {isa = PBXFileReference; fileEncoding = 4; lastKnownFileType = sourcecode.c.objc; path = CCParticleSystemQuad.m; sourceTree = "<group>"; };
		78F6B0981746A9FE00AA070D /* CCPhysicsDebugNode.h */ = {isa = PBXFileReference; fileEncoding = 4; lastKnownFileType = sourcecode.c.h; path = CCPhysicsDebugNode.h; sourceTree = "<group>"; };
		78F6B0991746A9FE00AA070D /* CCPhysicsDebugNode.m */ = {isa = PBXFileReference; fileEncoding = 4; lastKnownFileType = sourcecode.c.objc; path = CCPhysicsDebugNode.m; sourceTree = "<group>"; };
		78F6B09A1746A9FE00AA070D /* CCPhysicsSprite.h */ = {isa = PBXFileReference; fileEncoding = 4; lastKnownFileType = sourcecode.c.h; path = CCPhysicsSprite.h; sourceTree = "<group>"; };
		78F6B09B1746A9FE00AA070D /* CCPhysicsSprite.mm */ = {isa = PBXFileReference; fileEncoding = 4; lastKnownFileType = sourcecode.cpp.objcpp; path = CCPhysicsSprite.mm; sourceTree = "<group>"; };
		78F6B09C1746A9FE00AA070D /* CCProgressTimer.h */ = {isa = PBXFileReference; fileEncoding = 4; lastKnownFileType = sourcecode.c.h; path = CCProgressTimer.h; sourceTree = "<group>"; };
		78F6B09D1746A9FE00AA070D /* CCProgressTimer.m */ = {isa = PBXFileReference; fileEncoding = 4; lastKnownFileType = sourcecode.c.objc; path = CCProgressTimer.m; sourceTree = "<group>"; };
		78F6B09E1746A9FE00AA070D /* CCProtocols.h */ = {isa = PBXFileReference; fileEncoding = 4; lastKnownFileType = sourcecode.c.h; path = CCProtocols.h; sourceTree = "<group>"; };
		78F6B09F1746A9FE00AA070D /* CCRenderTexture.h */ = {isa = PBXFileReference; fileEncoding = 4; lastKnownFileType = sourcecode.c.h; path = CCRenderTexture.h; sourceTree = "<group>"; };
		78F6B0A01746A9FE00AA070D /* CCRenderTexture.m */ = {isa = PBXFileReference; fileEncoding = 4; lastKnownFileType = sourcecode.c.objc; path = CCRenderTexture.m; sourceTree = "<group>"; };
		78F6B0A11746A9FE00AA070D /* CCScene.h */ = {isa = PBXFileReference; fileEncoding = 4; lastKnownFileType = sourcecode.c.h; path = CCScene.h; sourceTree = "<group>"; };
		78F6B0A21746A9FE00AA070D /* CCScene.m */ = {isa = PBXFileReference; fileEncoding = 4; lastKnownFileType = sourcecode.c.objc; path = CCScene.m; sourceTree = "<group>"; };
		78F6B0A31746A9FE00AA070D /* CCScheduler.h */ = {isa = PBXFileReference; fileEncoding = 4; lastKnownFileType = sourcecode.c.h; path = CCScheduler.h; sourceTree = "<group>"; };
		78F6B0A41746A9FE00AA070D /* CCScheduler.m */ = {isa = PBXFileReference; fileEncoding = 4; lastKnownFileType = sourcecode.c.objc; path = CCScheduler.m; sourceTree = "<group>"; };
		78F6B0A51746A9FE00AA070D /* ccShader_Position_uColor_frag.h */ = {isa = PBXFileReference; fileEncoding = 4; lastKnownFileType = sourcecode.c.h; path = ccShader_Position_uColor_frag.h; sourceTree = "<group>"; };
		78F6B0A61746A9FE00AA070D /* ccShader_Position_uColor_vert.h */ = {isa = PBXFileReference; fileEncoding = 4; lastKnownFileType = sourcecode.c.h; path = ccShader_Position_uColor_vert.h; sourceTree = "<group>"; };
		78F6B0A71746A9FE00AA070D /* ccShader_PositionColor_frag.h */ = {isa = PBXFileReference; fileEncoding = 4; lastKnownFileType = sourcecode.c.h; path = ccShader_PositionColor_frag.h; sourceTree = "<group>"; };
		78F6B0A81746A9FE00AA070D /* ccShader_PositionColor_vert.h */ = {isa = PBXFileReference; fileEncoding = 4; lastKnownFileType = sourcecode.c.h; path = ccShader_PositionColor_vert.h; sourceTree = "<group>"; };
		78F6B0A91746A9FE00AA070D /* ccShader_PositionColorLengthTexture_frag.h */ = {isa = PBXFileReference; fileEncoding = 4; lastKnownFileType = sourcecode.c.h; path = ccShader_PositionColorLengthTexture_frag.h; sourceTree = "<group>"; };
		78F6B0AA1746A9FE00AA070D /* ccShader_PositionColorLengthTexture_vert.h */ = {isa = PBXFileReference; fileEncoding = 4; lastKnownFileType = sourcecode.c.h; path = ccShader_PositionColorLengthTexture_vert.h; sourceTree = "<group>"; };
		78F6B0AB1746A9FE00AA070D /* ccShader_PositionTexture_frag.h */ = {isa = PBXFileReference; fileEncoding = 4; lastKnownFileType = sourcecode.c.h; path = ccShader_PositionTexture_frag.h; sourceTree = "<group>"; };
		78F6B0AC1746A9FE00AA070D /* ccShader_PositionTexture_uColor_frag.h */ = {isa = PBXFileReference; fileEncoding = 4; lastKnownFileType = sourcecode.c.h; path = ccShader_PositionTexture_uColor_frag.h; sourceTree = "<group>"; };
		78F6B0AD1746A9FE00AA070D /* ccShader_PositionTexture_uColor_vert.h */ = {isa = PBXFileReference; fileEncoding = 4; lastKnownFileType = sourcecode.c.h; path = ccShader_PositionTexture_uColor_vert.h; sourceTree = "<group>"; };
		78F6B0AE1746A9FE00AA070D /* ccShader_PositionTexture_vert.h */ = {isa = PBXFileReference; fileEncoding = 4; lastKnownFileType = sourcecode.c.h; path = ccShader_PositionTexture_vert.h; sourceTree = "<group>"; };
		78F6B0AF1746A9FE00AA070D /* ccShader_PositionTextureA8Color_frag.h */ = {isa = PBXFileReference; fileEncoding = 4; lastKnownFileType = sourcecode.c.h; path = ccShader_PositionTextureA8Color_frag.h; sourceTree = "<group>"; };
		78F6B0B01746A9FE00AA070D /* ccShader_PositionTextureA8Color_vert.h */ = {isa = PBXFileReference; fileEncoding = 4; lastKnownFileType = sourcecode.c.h; path = ccShader_PositionTextureA8Color_vert.h; sourceTree = "<group>"; };
		78F6B0B11746A9FE00AA070D /* ccShader_PositionTextureColor_frag.h */ = {isa = PBXFileReference; fileEncoding = 4; lastKnownFileType = sourcecode.c.h; path = ccShader_PositionTextureColor_frag.h; sourceTree = "<group>"; };
		78F6B0B21746A9FE00AA070D /* ccShader_PositionTextureColor_vert.h */ = {isa = PBXFileReference; fileEncoding = 4; lastKnownFileType = sourcecode.c.h; path = ccShader_PositionTextureColor_vert.h; sourceTree = "<group>"; };
		78F6B0B31746A9FE00AA070D /* ccShader_PositionTextureColorAlphaTest_frag.h */ = {isa = PBXFileReference; fileEncoding = 4; lastKnownFileType = sourcecode.c.h; path = ccShader_PositionTextureColorAlphaTest_frag.h; sourceTree = "<group>"; };
		78F6B0B41746A9FE00AA070D /* CCShaderCache.h */ = {isa = PBXFileReference; fileEncoding = 4; lastKnownFileType = sourcecode.c.h; path = CCShaderCache.h; sourceTree = "<group>"; };
		78F6B0B51746A9FE00AA070D /* CCShaderCache.m */ = {isa = PBXFileReference; fileEncoding = 4; lastKnownFileType = sourcecode.c.objc; path = CCShaderCache.m; sourceTree = "<group>"; };
		78F6B0B61746A9FE00AA070D /* ccShaders.h */ = {isa = PBXFileReference; fileEncoding = 4; lastKnownFileType = sourcecode.c.h; path = ccShaders.h; sourceTree = "<group>"; };
		78F6B0B71746A9FE00AA070D /* ccShaders.m */ = {isa = PBXFileReference; fileEncoding = 4; lastKnownFileType = sourcecode.c.objc; path = ccShaders.m; sourceTree = "<group>"; };
		78F6B0B81746A9FE00AA070D /* CCSprite.h */ = {isa = PBXFileReference; fileEncoding = 4; lastKnownFileType = sourcecode.c.h; path = CCSprite.h; sourceTree = "<group>"; };
		78F6B0B91746A9FE00AA070D /* CCSprite.m */ = {isa = PBXFileReference; fileEncoding = 4; lastKnownFileType = sourcecode.c.objc; path = CCSprite.m; sourceTree = "<group>"; };
		78F6B0BA1746A9FE00AA070D /* CCSpriteBatchNode.h */ = {isa = PBXFileReference; fileEncoding = 4; lastKnownFileType = sourcecode.c.h; path = CCSpriteBatchNode.h; sourceTree = "<group>"; };
		78F6B0BB1746A9FE00AA070D /* CCSpriteBatchNode.m */ = {isa = PBXFileReference; fileEncoding = 4; lastKnownFileType = sourcecode.c.objc; path = CCSpriteBatchNode.m; sourceTree = "<group>"; };
		78F6B0BC1746A9FE00AA070D /* CCSpriteFrame.h */ = {isa = PBXFileReference; fileEncoding = 4; lastKnownFileType = sourcecode.c.h; path = CCSpriteFrame.h; sourceTree = "<group>"; };
		78F6B0BD1746A9FE00AA070D /* CCSpriteFrame.m */ = {isa = PBXFileReference; fileEncoding = 4; lastKnownFileType = sourcecode.c.objc; path = CCSpriteFrame.m; sourceTree = "<group>"; };
		78F6B0BE1746A9FE00AA070D /* CCSpriteFrameCache.h */ = {isa = PBXFileReference; fileEncoding = 4; lastKnownFileType = sourcecode.c.h; path = CCSpriteFrameCache.h; sourceTree = "<group>"; };
		78F6B0BF1746A9FE00AA070D /* CCSpriteFrameCache.m */ = {isa = PBXFileReference; fileEncoding = 4; lastKnownFileType = sourcecode.c.objc; path = CCSpriteFrameCache.m; sourceTree = "<group>"; };
		78F6B0C01746A9FE00AA070D /* CCTexture2D.h */ = {isa = PBXFileReference; fileEncoding = 4; lastKnownFileType = sourcecode.c.h; path = CCTexture2D.h; sourceTree = "<group>"; };
		78F6B0C11746A9FE00AA070D /* CCTexture2D.m */ = {isa = PBXFileReference; fileEncoding = 4; lastKnownFileType = sourcecode.c.objc; path = CCTexture2D.m; sourceTree = "<group>"; };
		78F6B0C21746A9FE00AA070D /* CCTextureAtlas.h */ = {isa = PBXFileReference; fileEncoding = 4; lastKnownFileType = sourcecode.c.h; path = CCTextureAtlas.h; sourceTree = "<group>"; };
		78F6B0C31746A9FE00AA070D /* CCTextureAtlas.m */ = {isa = PBXFileReference; fileEncoding = 4; lastKnownFileType = sourcecode.c.objc; path = CCTextureAtlas.m; sourceTree = "<group>"; };
		78F6B0C41746A9FE00AA070D /* CCTextureCache.h */ = {isa = PBXFileReference; fileEncoding = 4; lastKnownFileType = sourcecode.c.h; path = CCTextureCache.h; sourceTree = "<group>"; };
		78F6B0C51746A9FE00AA070D /* CCTextureCache.m */ = {isa = PBXFileReference; fileEncoding = 4; lastKnownFileType = sourcecode.c.objc; path = CCTextureCache.m; sourceTree = "<group>"; };
		78F6B0C61746A9FE00AA070D /* CCTexturePVR.h */ = {isa = PBXFileReference; fileEncoding = 4; lastKnownFileType = sourcecode.c.h; path = CCTexturePVR.h; sourceTree = "<group>"; };
		78F6B0C71746A9FE00AA070D /* CCTexturePVR.m */ = {isa = PBXFileReference; fileEncoding = 4; lastKnownFileType = sourcecode.c.objc; path = CCTexturePVR.m; sourceTree = "<group>"; };
		78F6B0C81746A9FE00AA070D /* CCTileMapAtlas.h */ = {isa = PBXFileReference; fileEncoding = 4; lastKnownFileType = sourcecode.c.h; path = CCTileMapAtlas.h; sourceTree = "<group>"; };
		78F6B0C91746A9FE00AA070D /* CCTileMapAtlas.m */ = {isa = PBXFileReference; fileEncoding = 4; lastKnownFileType = sourcecode.c.objc; path = CCTileMapAtlas.m; sourceTree = "<group>"; };
		78F6B0CA1746A9FE00AA070D /* CCTMXLayer.h */ = {isa = PBXFileReference; fileEncoding = 4; lastKnownFileType = sourcecode.c.h; path = CCTMXLayer.h; sourceTree = "<group>"; };
		78F6B0CB1746A9FE00AA070D /* CCTMXLayer.m */ = {isa = PBXFileReference; fileEncoding = 4; lastKnownFileType = sourcecode.c.objc; path = CCTMXLayer.m; sourceTree = "<group>"; };
		78F6B0CC1746A9FE00AA070D /* CCTMXObjectGroup.h */ = {isa = PBXFileReference; fileEncoding = 4; lastKnownFileType = sourcecode.c.h; path = CCTMXObjectGroup.h; sourceTree = "<group>"; };
		78F6B0CD1746A9FE00AA070D /* CCTMXObjectGroup.m */ = {isa = PBXFileReference; fileEncoding = 4; lastKnownFileType = sourcecode.c.objc; path = CCTMXObjectGroup.m; sourceTree = "<group>"; };
		78F6B0CE1746A9FE00AA070D /* CCTMXTiledMap.h */ = {isa = PBXFileReference; fileEncoding = 4; lastKnownFileType = sourcecode.c.h; path = CCTMXTiledMap.h; sourceTree = "<group>"; };
		78F6B0CF1746A9FE00AA070D /* CCTMXTiledMap.m */ = {isa = PBXFileReference; fileEncoding = 4; lastKnownFileType = sourcecode.c.objc; path = CCTMXTiledMap.m; sourceTree = "<group>"; };
		78F6B0D01746A9FE00AA070D /* CCTMXXMLParser.h */ = {isa = PBXFileReference; fileEncoding = 4; lastKnownFileType = sourcecode.c.h; path = CCTMXXMLParser.h; sourceTree = "<group>"; };
		78F6B0D11746A9FE00AA070D /* CCTMXXMLParser.m */ = {isa = PBXFileReference; fileEncoding = 4; lastKnownFileType = sourcecode.c.objc; path = CCTMXXMLParser.m; sourceTree = "<group>"; };
		78F6B0D21746A9FE00AA070D /* CCTransition.h */ = {isa = PBXFileReference; fileEncoding = 4; lastKnownFileType = sourcecode.c.h; path = CCTransition.h; sourceTree = "<group>"; };
		78F6B0D31746A9FE00AA070D /* CCTransition.m */ = {isa = PBXFileReference; fileEncoding = 4; lastKnownFileType = sourcecode.c.objc; path = CCTransition.m; sourceTree = "<group>"; };
		78F6B0D41746A9FE00AA070D /* CCTransitionPageTurn.h */ = {isa = PBXFileReference; fileEncoding = 4; lastKnownFileType = sourcecode.c.h; path = CCTransitionPageTurn.h; sourceTree = "<group>"; };
		78F6B0D51746A9FE00AA070D /* CCTransitionPageTurn.m */ = {isa = PBXFileReference; fileEncoding = 4; lastKnownFileType = sourcecode.c.objc; path = CCTransitionPageTurn.m; sourceTree = "<group>"; };
		78F6B0D61746A9FE00AA070D /* CCTransitionProgress.h */ = {isa = PBXFileReference; fileEncoding = 4; lastKnownFileType = sourcecode.c.h; path = CCTransitionProgress.h; sourceTree = "<group>"; };
		78F6B0D71746A9FE00AA070D /* CCTransitionProgress.m */ = {isa = PBXFileReference; fileEncoding = 4; lastKnownFileType = sourcecode.c.objc; path = CCTransitionProgress.m; sourceTree = "<group>"; };
		78F6B0D81746A9FE00AA070D /* ccTypes.h */ = {isa = PBXFileReference; fileEncoding = 4; lastKnownFileType = sourcecode.c.h; path = ccTypes.h; sourceTree = "<group>"; };
		78F6B0D91746A9FE00AA070D /* cocos2d.h */ = {isa = PBXFileReference; fileEncoding = 4; lastKnownFileType = sourcecode.c.h; path = cocos2d.h; sourceTree = "<group>"; };
		78F6B0DA1746A9FE00AA070D /* cocos2d.m */ = {isa = PBXFileReference; fileEncoding = 4; lastKnownFileType = sourcecode.c.objc; path = cocos2d.m; sourceTree = "<group>"; };
		78F6B0DC1746A9FE00AA070D /* CCGL.h */ = {isa = PBXFileReference; fileEncoding = 4; lastKnownFileType = sourcecode.c.h; path = CCGL.h; sourceTree = "<group>"; };
		78F6B0DD1746A9FE00AA070D /* CCNS.h */ = {isa = PBXFileReference; fileEncoding = 4; lastKnownFileType = sourcecode.c.h; path = CCNS.h; sourceTree = "<group>"; };
		78F6B0DF1746A9FE00AA070D /* CCDirectorIOS.h */ = {isa = PBXFileReference; fileEncoding = 4; lastKnownFileType = sourcecode.c.h; path = CCDirectorIOS.h; sourceTree = "<group>"; };
		78F6B0E01746A9FE00AA070D /* CCDirectorIOS.m */ = {isa = PBXFileReference; fileEncoding = 4; lastKnownFileType = sourcecode.c.objc; path = CCDirectorIOS.m; sourceTree = "<group>"; };
		78F6B0E11746A9FE00AA070D /* CCES2Renderer.h */ = {isa = PBXFileReference; fileEncoding = 4; lastKnownFileType = sourcecode.c.h; path = CCES2Renderer.h; sourceTree = "<group>"; };
		78F6B0E21746A9FE00AA070D /* CCES2Renderer.m */ = {isa = PBXFileReference; fileEncoding = 4; lastKnownFileType = sourcecode.c.objc; path = CCES2Renderer.m; sourceTree = "<group>"; };
		78F6B0E31746A9FE00AA070D /* CCESRenderer.h */ = {isa = PBXFileReference; fileEncoding = 4; lastKnownFileType = sourcecode.c.h; path = CCESRenderer.h; sourceTree = "<group>"; };
		78F6B0E41746A9FE00AA070D /* CCGLView.h */ = {isa = PBXFileReference; fileEncoding = 4; lastKnownFileType = sourcecode.c.h; path = CCGLView.h; sourceTree = "<group>"; };
		78F6B0E51746A9FE00AA070D /* CCGLView.m */ = {isa = PBXFileReference; fileEncoding = 4; lastKnownFileType = sourcecode.c.objc; path = CCGLView.m; sourceTree = "<group>"; };
		78F6B0E61746A9FE00AA070D /* CCTouchDelegateProtocol.h */ = {isa = PBXFileReference; fileEncoding = 4; lastKnownFileType = sourcecode.c.h; path = CCTouchDelegateProtocol.h; sourceTree = "<group>"; };
		78F6B0E71746A9FE00AA070D /* CCTouchDispatcher.h */ = {isa = PBXFileReference; fileEncoding = 4; lastKnownFileType = sourcecode.c.h; path = CCTouchDispatcher.h; sourceTree = "<group>"; };
		78F6B0E81746A9FE00AA070D /* CCTouchDispatcher.m */ = {isa = PBXFileReference; fileEncoding = 4; lastKnownFileType = sourcecode.c.objc; path = CCTouchDispatcher.m; sourceTree = "<group>"; };
		78F6B0E91746A9FE00AA070D /* CCTouchHandler.h */ = {isa = PBXFileReference; fileEncoding = 4; lastKnownFileType = sourcecode.c.h; path = CCTouchHandler.h; sourceTree = "<group>"; };
		78F6B0EA1746A9FE00AA070D /* CCTouchHandler.m */ = {isa = PBXFileReference; fileEncoding = 4; lastKnownFileType = sourcecode.c.objc; path = CCTouchHandler.m; sourceTree = "<group>"; };
		78F6B0EC1746A9FE00AA070D /* CCDirectorMac.h */ = {isa = PBXFileReference; fileEncoding = 4; lastKnownFileType = sourcecode.c.h; path = CCDirectorMac.h; sourceTree = "<group>"; };
		78F6B0ED1746A9FE00AA070D /* CCDirectorMac.m */ = {isa = PBXFileReference; fileEncoding = 4; lastKnownFileType = sourcecode.c.objc; path = CCDirectorMac.m; sourceTree = "<group>"; };
		78F6B0EE1746A9FE00AA070D /* CCEventDispatcher.h */ = {isa = PBXFileReference; fileEncoding = 4; lastKnownFileType = sourcecode.c.h; path = CCEventDispatcher.h; sourceTree = "<group>"; };
		78F6B0EF1746A9FE00AA070D /* CCEventDispatcher.m */ = {isa = PBXFileReference; fileEncoding = 4; lastKnownFileType = sourcecode.c.objc; path = CCEventDispatcher.m; sourceTree = "<group>"; };
		78F6B0F01746A9FE00AA070D /* CCGLView.h */ = {isa = PBXFileReference; fileEncoding = 4; lastKnownFileType = sourcecode.c.h; path = CCGLView.h; sourceTree = "<group>"; };
		78F6B0F11746A9FE00AA070D /* CCGLView.m */ = {isa = PBXFileReference; fileEncoding = 4; lastKnownFileType = sourcecode.c.objc; path = CCGLView.m; sourceTree = "<group>"; };
		78F6B0F21746A9FE00AA070D /* CCWindow.h */ = {isa = PBXFileReference; fileEncoding = 4; lastKnownFileType = sourcecode.c.h; path = CCWindow.h; sourceTree = "<group>"; };
		78F6B0F31746A9FE00AA070D /* CCWindow.m */ = {isa = PBXFileReference; fileEncoding = 4; lastKnownFileType = sourcecode.c.objc; path = CCWindow.m; sourceTree = "<group>"; };
		78F6B0F51746A9FE00AA070D /* base64.c */ = {isa = PBXFileReference; fileEncoding = 4; lastKnownFileType = sourcecode.c.c; path = base64.c; sourceTree = "<group>"; };
		78F6B0F61746A9FE00AA070D /* base64.h */ = {isa = PBXFileReference; fileEncoding = 4; lastKnownFileType = sourcecode.c.h; path = base64.h; sourceTree = "<group>"; };
		78F6B0F71746A9FE00AA070D /* CCArray.h */ = {isa = PBXFileReference; fileEncoding = 4; lastKnownFileType = sourcecode.c.h; path = CCArray.h; sourceTree = "<group>"; };
		78F6B0F81746A9FE00AA070D /* CCArray.m */ = {isa = PBXFileReference; fileEncoding = 4; lastKnownFileType = sourcecode.c.objc; path = CCArray.m; sourceTree = "<group>"; };
		78F6B0F91746A9FE00AA070D /* ccCArray.h */ = {isa = PBXFileReference; fileEncoding = 4; lastKnownFileType = sourcecode.c.h; path = ccCArray.h; sourceTree = "<group>"; };
		78F6B0FA1746A9FE00AA070D /* ccCArray.m */ = {isa = PBXFileReference; fileEncoding = 4; lastKnownFileType = sourcecode.c.objc; path = ccCArray.m; sourceTree = "<group>"; };
		78F6B0FB1746A9FE00AA070D /* CCFileUtils.h */ = {isa = PBXFileReference; fileEncoding = 4; lastKnownFileType = sourcecode.c.h; path = CCFileUtils.h; sourceTree = "<group>"; };
		78F6B0FC1746A9FE00AA070D /* CCFileUtils.m */ = {isa = PBXFileReference; fileEncoding = 4; lastKnownFileType = sourcecode.c.objc; path = CCFileUtils.m; sourceTree = "<group>"; };
		78F6B0FD1746A9FE00AA070D /* CCProfiling.h */ = {isa = PBXFileReference; fileEncoding = 4; lastKnownFileType = sourcecode.c.h; path = CCProfiling.h; sourceTree = "<group>"; };
		78F6B0FE1746A9FE00AA070D /* CCProfiling.m */ = {isa = PBXFileReference; fileEncoding = 4; lastKnownFileType = sourcecode.c.objc; path = CCProfiling.m; sourceTree = "<group>"; };
		78F6B0FF1746A9FE00AA070D /* ccUtils.c */ = {isa = PBXFileReference; fileEncoding = 4; lastKnownFileType = sourcecode.c.c; path = ccUtils.c; sourceTree = "<group>"; };
		78F6B1001746A9FE00AA070D /* ccUtils.h */ = {isa = PBXFileReference; fileEncoding = 4; lastKnownFileType = sourcecode.c.h; path = ccUtils.h; sourceTree = "<group>"; };
		78F6B1011746A9FE00AA070D /* CCVertex.h */ = {isa = PBXFileReference; fileEncoding = 4; lastKnownFileType = sourcecode.c.h; path = CCVertex.h; sourceTree = "<group>"; };
		78F6B1021746A9FE00AA070D /* CCVertex.m */ = {isa = PBXFileReference; fileEncoding = 4; lastKnownFileType = sourcecode.c.objc; path = CCVertex.m; sourceTree = "<group>"; };
		78F6B1031746A9FE00AA070D /* CGPointExtension.h */ = {isa = PBXFileReference; fileEncoding = 4; lastKnownFileType = sourcecode.c.h; path = CGPointExtension.h; sourceTree = "<group>"; };
		78F6B1041746A9FE00AA070D /* CGPointExtension.m */ = {isa = PBXFileReference; fileEncoding = 4; lastKnownFileType = sourcecode.c.objc; path = CGPointExtension.m; sourceTree = "<group>"; };
		78F6B1051746A9FE00AA070D /* NSThread+performBlock.h */ = {isa = PBXFileReference; fileEncoding = 4; lastKnownFileType = sourcecode.c.h; path = "NSThread+performBlock.h"; sourceTree = "<group>"; };
		78F6B1061746A9FE00AA070D /* NSThread+performBlock.m */ = {isa = PBXFileReference; fileEncoding = 4; lastKnownFileType = sourcecode.c.objc; path = "NSThread+performBlock.m"; sourceTree = "<group>"; };
		78F6B1071746A9FE00AA070D /* OpenGL_Internal.h */ = {isa = PBXFileReference; fileEncoding = 4; lastKnownFileType = sourcecode.c.h; path = OpenGL_Internal.h; sourceTree = "<group>"; };
		78F6B1081746A9FE00AA070D /* TGAlib.h */ = {isa = PBXFileReference; fileEncoding = 4; lastKnownFileType = sourcecode.c.h; path = TGAlib.h; sourceTree = "<group>"; };
		78F6B1091746A9FE00AA070D /* TGAlib.m */ = {isa = PBXFileReference; fileEncoding = 4; lastKnownFileType = sourcecode.c.objc; path = TGAlib.m; sourceTree = "<group>"; };
		78F6B10A1746A9FE00AA070D /* TransformUtils.h */ = {isa = PBXFileReference; fileEncoding = 4; lastKnownFileType = sourcecode.c.h; path = TransformUtils.h; sourceTree = "<group>"; };
		78F6B10B1746A9FE00AA070D /* TransformUtils.m */ = {isa = PBXFileReference; fileEncoding = 4; lastKnownFileType = sourcecode.c.objc; path = TransformUtils.m; sourceTree = "<group>"; };
		78F6B10C1746A9FE00AA070D /* uthash.h */ = {isa = PBXFileReference; fileEncoding = 4; lastKnownFileType = sourcecode.c.h; path = uthash.h; sourceTree = "<group>"; };
		78F6B10D1746A9FE00AA070D /* utlist.h */ = {isa = PBXFileReference; fileEncoding = 4; lastKnownFileType = sourcecode.c.h; path = utlist.h; sourceTree = "<group>"; };
		78F6B10E1746A9FE00AA070D /* ZipUtils.h */ = {isa = PBXFileReference; fileEncoding = 4; lastKnownFileType = sourcecode.c.h; path = ZipUtils.h; sourceTree = "<group>"; };
		78F6B10F1746A9FE00AA070D /* ZipUtils.m */ = {isa = PBXFileReference; fileEncoding = 4; lastKnownFileType = sourcecode.c.objc; path = ZipUtils.m; sourceTree = "<group>"; };
		78F6B1111746A9FE00AA070D /* CDAudioManager.h */ = {isa = PBXFileReference; fileEncoding = 4; lastKnownFileType = sourcecode.c.h; path = CDAudioManager.h; sourceTree = "<group>"; };
		78F6B1121746A9FE00AA070D /* CDAudioManager.m */ = {isa = PBXFileReference; fileEncoding = 4; lastKnownFileType = sourcecode.c.objc; path = CDAudioManager.m; sourceTree = "<group>"; };
		78F6B1131746A9FE00AA070D /* CDConfig.h */ = {isa = PBXFileReference; fileEncoding = 4; lastKnownFileType = sourcecode.c.h; path = CDConfig.h; sourceTree = "<group>"; };
		78F6B1141746A9FE00AA070D /* CDOpenALSupport.h */ = {isa = PBXFileReference; fileEncoding = 4; lastKnownFileType = sourcecode.c.h; path = CDOpenALSupport.h; sourceTree = "<group>"; };
		78F6B1151746A9FE00AA070D /* CDOpenALSupport.m */ = {isa = PBXFileReference; fileEncoding = 4; lastKnownFileType = sourcecode.c.objc; path = CDOpenALSupport.m; sourceTree = "<group>"; };
		78F6B1161746A9FE00AA070D /* CDXMacOSXSupport.h */ = {isa = PBXFileReference; fileEncoding = 4; lastKnownFileType = sourcecode.c.h; path = CDXMacOSXSupport.h; sourceTree = "<group>"; };
		78F6B1171746A9FE00AA070D /* CDXMacOSXSupport.m */ = {isa = PBXFileReference; fileEncoding = 4; lastKnownFileType = sourcecode.c.objc; path = CDXMacOSXSupport.m; sourceTree = "<group>"; };
		78F6B1181746A9FE00AA070D /* CDXPropertyModifierAction.h */ = {isa = PBXFileReference; fileEncoding = 4; lastKnownFileType = sourcecode.c.h; path = CDXPropertyModifierAction.h; sourceTree = "<group>"; };
		78F6B1191746A9FE00AA070D /* CDXPropertyModifierAction.m */ = {isa = PBXFileReference; fileEncoding = 4; lastKnownFileType = sourcecode.c.objc; path = CDXPropertyModifierAction.m; sourceTree = "<group>"; };
		78F6B11A1746A9FE00AA070D /* CocosDenshion.h */ = {isa = PBXFileReference; fileEncoding = 4; lastKnownFileType = sourcecode.c.h; path = CocosDenshion.h; sourceTree = "<group>"; };
		78F6B11B1746A9FE00AA070D /* CocosDenshion.m */ = {isa = PBXFileReference; fileEncoding = 4; lastKnownFileType = sourcecode.c.objc; path = CocosDenshion.m; sourceTree = "<group>"; };
		78F6B11C1746A9FE00AA070D /* README.md */ = {isa = PBXFileReference; fileEncoding = 4; lastKnownFileType = text; path = README.md; sourceTree = "<group>"; };
		78F6B11D1746A9FE00AA070D /* SimpleAudioEngine.h */ = {isa = PBXFileReference; fileEncoding = 4; lastKnownFileType = sourcecode.c.h; path = SimpleAudioEngine.h; sourceTree = "<group>"; };
		78F6B11E1746A9FE00AA070D /* SimpleAudioEngine.m */ = {isa = PBXFileReference; fileEncoding = 4; lastKnownFileType = sourcecode.c.objc; path = SimpleAudioEngine.m; sourceTree = "<group>"; };
		78F6B1221746A9FE00AA070D /* aabb.h */ = {isa = PBXFileReference; fileEncoding = 4; lastKnownFileType = sourcecode.c.h; path = aabb.h; sourceTree = "<group>"; };
		78F6B1241746A9FE00AA070D /* mat4stack.h */ = {isa = PBXFileReference; fileEncoding = 4; lastKnownFileType = sourcecode.c.h; path = mat4stack.h; sourceTree = "<group>"; };
		78F6B1251746A9FE00AA070D /* matrix.h */ = {isa = PBXFileReference; fileEncoding = 4; lastKnownFileType = sourcecode.c.h; path = matrix.h; sourceTree = "<group>"; };
		78F6B1261746A9FE00AA070D /* kazmath.h */ = {isa = PBXFileReference; fileEncoding = 4; lastKnownFileType = sourcecode.c.h; path = kazmath.h; sourceTree = "<group>"; };
		78F6B1271746A9FE00AA070D /* mat3.h */ = {isa = PBXFileReference; fileEncoding = 4; lastKnownFileType = sourcecode.c.h; path = mat3.h; sourceTree = "<group>"; };
		78F6B1281746A9FE00AA070D /* mat4.h */ = {isa = PBXFileReference; fileEncoding = 4; lastKnownFileType = sourcecode.c.h; path = mat4.h; sourceTree = "<group>"; };
		78F6B1291746A9FE00AA070D /* neon_matrix_impl.h */ = {isa = PBXFileReference; fileEncoding = 4; lastKnownFileType = sourcecode.c.h; path = neon_matrix_impl.h; sourceTree = "<group>"; };
		78F6B12A1746A9FE00AA070D /* plane.h */ = {isa = PBXFileReference; fileEncoding = 4; lastKnownFileType = sourcecode.c.h; path = plane.h; sourceTree = "<group>"; };
		78F6B12B1746A9FE00AA070D /* quaternion.h */ = {isa = PBXFileReference; fileEncoding = 4; lastKnownFileType = sourcecode.c.h; path = quaternion.h; sourceTree = "<group>"; };
		78F6B12C1746A9FE00AA070D /* ray2.h */ = {isa = PBXFileReference; fileEncoding = 4; lastKnownFileType = sourcecode.c.h; path = ray2.h; sourceTree = "<group>"; };
		78F6B12D1746A9FE00AA070D /* utility.h */ = {isa = PBXFileReference; fileEncoding = 4; lastKnownFileType = sourcecode.c.h; path = utility.h; sourceTree = "<group>"; };
		78F6B12E1746A9FE00AA070D /* vec2.h */ = {isa = PBXFileReference; fileEncoding = 4; lastKnownFileType = sourcecode.c.h; path = vec2.h; sourceTree = "<group>"; };
		78F6B12F1746A9FE00AA070D /* vec3.h */ = {isa = PBXFileReference; fileEncoding = 4; lastKnownFileType = sourcecode.c.h; path = vec3.h; sourceTree = "<group>"; };
		78F6B1301746A9FE00AA070D /* vec4.h */ = {isa = PBXFileReference; fileEncoding = 4; lastKnownFileType = sourcecode.c.h; path = vec4.h; sourceTree = "<group>"; };
		78F6B1321746A9FE00AA070D /* aabb.c */ = {isa = PBXFileReference; fileEncoding = 4; lastKnownFileType = sourcecode.c.c; path = aabb.c; sourceTree = "<group>"; };
		78F6B1331746A9FE00AA070D /* ChangeLog */ = {isa = PBXFileReference; fileEncoding = 4; lastKnownFileType = text; path = ChangeLog; sourceTree = "<group>"; };
		78F6B1341746A9FE00AA070D /* CMakeLists.txt */ = {isa = PBXFileReference; fileEncoding = 4; lastKnownFileType = text; path = CMakeLists.txt; sourceTree = "<group>"; };
		78F6B1361746A9FE00AA070D /* mat4stack.c */ = {isa = PBXFileReference; fileEncoding = 4; lastKnownFileType = sourcecode.c.c; path = mat4stack.c; sourceTree = "<group>"; };
		78F6B1371746A9FE00AA070D /* matrix.c */ = {isa = PBXFileReference; fileEncoding = 4; lastKnownFileType = sourcecode.c.c; path = matrix.c; sourceTree = "<group>"; };
		78F6B1381746A9FE00AA070D /* mat3.c */ = {isa = PBXFileReference; fileEncoding = 4; lastKnownFileType = sourcecode.c.c; path = mat3.c; sourceTree = "<group>"; };
		78F6B1391746A9FE00AA070D /* mat4.c */ = {isa = PBXFileReference; fileEncoding = 4; lastKnownFileType = sourcecode.c.c; path = mat4.c; sourceTree = "<group>"; };
		78F6B13A1746A9FE00AA070D /* neon_matrix_impl.c */ = {isa = PBXFileReference; fileEncoding = 4; lastKnownFileType = sourcecode.c.c; path = neon_matrix_impl.c; sourceTree = "<group>"; };
		78F6B13B1746A9FE00AA070D /* plane.c */ = {isa = PBXFileReference; fileEncoding = 4; lastKnownFileType = sourcecode.c.c; path = plane.c; sourceTree = "<group>"; };
		78F6B13C1746A9FE00AA070D /* quaternion.c */ = {isa = PBXFileReference; fileEncoding = 4; lastKnownFileType = sourcecode.c.c; path = quaternion.c; sourceTree = "<group>"; };
		78F6B13D1746A9FE00AA070D /* ray2.c */ = {isa = PBXFileReference; fileEncoding = 4; lastKnownFileType = sourcecode.c.c; path = ray2.c; sourceTree = "<group>"; };
		78F6B13E1746A9FE00AA070D /* utility.c */ = {isa = PBXFileReference; fileEncoding = 4; lastKnownFileType = sourcecode.c.c; path = utility.c; sourceTree = "<group>"; };
		78F6B13F1746A9FE00AA070D /* vec2.c */ = {isa = PBXFileReference; fileEncoding = 4; lastKnownFileType = sourcecode.c.c; path = vec2.c; sourceTree = "<group>"; };
		78F6B1401746A9FE00AA070D /* vec3.c */ = {isa = PBXFileReference; fileEncoding = 4; lastKnownFileType = sourcecode.c.c; path = vec3.c; sourceTree = "<group>"; };
		78F6B1411746A9FE00AA070D /* vec4.c */ = {isa = PBXFileReference; fileEncoding = 4; lastKnownFileType = sourcecode.c.c; path = vec4.c; sourceTree = "<group>"; };
		78F6B1421746A9FE00AA070D /* LICENSE_cocos2d.txt */ = {isa = PBXFileReference; fileEncoding = 4; lastKnownFileType = text; path = LICENSE_cocos2d.txt; sourceTree = "<group>"; };
		78F6B1431746A9FE00AA070D /* LICENSE_CocosDenshion.txt */ = {isa = PBXFileReference; fileEncoding = 4; lastKnownFileType = text; path = LICENSE_CocosDenshion.txt; sourceTree = "<group>"; };
		78F6B1441746A9FE00AA070D /* LICENSE_Kazmath.txt */ = {isa = PBXFileReference; fileEncoding = 4; lastKnownFileType = text; path = LICENSE_Kazmath.txt; sourceTree = "<group>"; };
/* End PBXFileReference section */

/* Begin PBXFrameworksBuildPhase section */
		78F6ADB41746A7A700AA070D /* Frameworks */ = {
			isa = PBXFrameworksBuildPhase;
			buildActionMask = 2147483647;
			files = (
				78F6ADBB1746A7A700AA070D /* Foundation.framework in Frameworks */,
			);
			runOnlyForDeploymentPostprocessing = 0;
		};
/* End PBXFrameworksBuildPhase section */

/* Begin PBXGroup section */
		78F6ADAE1746A7A700AA070D = {
			isa = PBXGroup;
			children = (
				78F6ADBC1746A7A700AA070D /* Cocos2d */,
				78F6ADB91746A7A700AA070D /* Frameworks */,
				78F6ADB81746A7A700AA070D /* Products */,
			);
			sourceTree = "<group>";
		};
		78F6ADB81746A7A700AA070D /* Products */ = {
			isa = PBXGroup;
			children = (
				78F6ADB71746A7A700AA070D /* libCocos2d.a */,
			);
			name = Products;
			sourceTree = "<group>";
		};
		78F6ADB91746A7A700AA070D /* Frameworks */ = {
			isa = PBXGroup;
			children = (
				78F6ADBA1746A7A700AA070D /* Foundation.framework */,
			);
			name = Frameworks;
			sourceTree = "<group>";
		};
		78F6ADBC1746A7A700AA070D /* Cocos2d */ = {
			isa = PBXGroup;
			children = (
				78F6B0411746A9FE00AA070D /* cocos2d */,
				78F6B1101746A9FE00AA070D /* CocosDenshion */,
				78F6B11F1746A9FE00AA070D /* kazmath */,
				78F6B1421746A9FE00AA070D /* LICENSE_cocos2d.txt */,
				78F6B1431746A9FE00AA070D /* LICENSE_CocosDenshion.txt */,
				78F6B1441746A9FE00AA070D /* LICENSE_Kazmath.txt */,
				78F6ADBD1746A7A700AA070D /* Supporting Files */,
			);
			path = Cocos2d;
			sourceTree = "<group>";
		};
		78F6ADBD1746A7A700AA070D /* Supporting Files */ = {
			isa = PBXGroup;
			children = (
				78F6ADBE1746A7A700AA070D /* Cocos2d-Prefix.pch */,
			);
			name = "Supporting Files";
			sourceTree = "<group>";
		};
		78F6B0411746A9FE00AA070D /* cocos2d */ = {
			isa = PBXGroup;
			children = (
				78F6B0421746A9FE00AA070D /* CCAction.h */,
				78F6B0431746A9FE00AA070D /* CCAction.m */,
				78F6B0441746A9FE00AA070D /* CCActionCamera.h */,
				78F6B0451746A9FE00AA070D /* CCActionCamera.m */,
				78F6B0461746A9FE00AA070D /* CCActionCatmullRom.h */,
				78F6B0471746A9FE00AA070D /* CCActionCatmullRom.m */,
				78F6B0481746A9FE00AA070D /* CCActionEase.h */,
				78F6B0491746A9FE00AA070D /* CCActionEase.m */,
				78F6B04A1746A9FE00AA070D /* CCActionGrid.h */,
				78F6B04B1746A9FE00AA070D /* CCActionGrid.m */,
				78F6B04C1746A9FE00AA070D /* CCActionGrid3D.h */,
				78F6B04D1746A9FE00AA070D /* CCActionGrid3D.m */,
				78F6B04E1746A9FE00AA070D /* CCActionInstant.h */,
				78F6B04F1746A9FE00AA070D /* CCActionInstant.m */,
				78F6B0501746A9FE00AA070D /* CCActionInterval.h */,
				78F6B0511746A9FE00AA070D /* CCActionInterval.m */,
				78F6B0521746A9FE00AA070D /* CCActionManager.h */,
				78F6B0531746A9FE00AA070D /* CCActionManager.m */,
				78F6B0541746A9FE00AA070D /* CCActionPageTurn3D.h */,
				78F6B0551746A9FE00AA070D /* CCActionPageTurn3D.m */,
				78F6B0561746A9FE00AA070D /* CCActionProgressTimer.h */,
				78F6B0571746A9FE00AA070D /* CCActionProgressTimer.m */,
				78F6B0581746A9FE00AA070D /* CCActionTiledGrid.h */,
				78F6B0591746A9FE00AA070D /* CCActionTiledGrid.m */,
				78F6B05A1746A9FE00AA070D /* CCActionTween.h */,
				78F6B05B1746A9FE00AA070D /* CCActionTween.m */,
				78F6B05C1746A9FE00AA070D /* CCAnimation.h */,
				78F6B05D1746A9FE00AA070D /* CCAnimation.m */,
				78F6B05E1746A9FE00AA070D /* CCAnimationCache.h */,
				78F6B05F1746A9FE00AA070D /* CCAnimationCache.m */,
				78F6B0601746A9FE00AA070D /* CCAtlasNode.h */,
				78F6B0611746A9FE00AA070D /* CCAtlasNode.m */,
				78F6B0621746A9FE00AA070D /* CCCamera.h */,
				78F6B0631746A9FE00AA070D /* CCCamera.m */,
				78F6B0641746A9FE00AA070D /* CCClippingNode.h */,
				78F6B0651746A9FE00AA070D /* CCClippingNode.m */,
				78F6B0661746A9FE00AA070D /* ccConfig.h */,
				78F6B0671746A9FE00AA070D /* CCConfiguration.h */,
				78F6B0681746A9FE00AA070D /* CCConfiguration.m */,
				78F6B0691746A9FE00AA070D /* ccDeprecated.h */,
				78F6B06A1746A9FE00AA070D /* ccDeprecated.m */,
				78F6B06B1746A9FE00AA070D /* CCDirector.h */,
				78F6B06C1746A9FE00AA070D /* CCDirector.m */,
				78F6B06D1746A9FE00AA070D /* CCDrawingPrimitives.h */,
				78F6B06E1746A9FE00AA070D /* CCDrawingPrimitives.m */,
				78F6B06F1746A9FE00AA070D /* CCDrawNode.h */,
				78F6B0701746A9FE00AA070D /* CCDrawNode.m */,
				78F6B0711746A9FE00AA070D /* ccFPSImages.h */,
				78F6B0721746A9FE00AA070D /* ccFPSImages.m */,
				78F6B0731746A9FE00AA070D /* CCGLProgram.h */,
				78F6B0741746A9FE00AA070D /* CCGLProgram.m */,
				78F6B0751746A9FE00AA070D /* ccGLStateCache.h */,
				78F6B0761746A9FE00AA070D /* ccGLStateCache.m */,
				78F6B0771746A9FE00AA070D /* CCGrabber.h */,
				78F6B0781746A9FE00AA070D /* CCGrabber.m */,
				78F6B0791746A9FE00AA070D /* CCGrid.h */,
				78F6B07A1746A9FE00AA070D /* CCGrid.m */,
				78F6B07B1746A9FE00AA070D /* CCLabelAtlas.h */,
				78F6B07C1746A9FE00AA070D /* CCLabelAtlas.m */,
				78F6B07D1746A9FE00AA070D /* CCLabelBMFont.h */,
				78F6B07E1746A9FE00AA070D /* CCLabelBMFont.m */,
				78F6B07F1746A9FE00AA070D /* CCLabelTTF.h */,
				78F6B0801746A9FE00AA070D /* CCLabelTTF.m */,
				78F6B0811746A9FE00AA070D /* CCLayer.h */,
				78F6B0821746A9FE00AA070D /* CCLayer.m */,
				78F6B0831746A9FE00AA070D /* ccMacros.h */,
				78F6B0841746A9FE00AA070D /* CCMenu.h */,
				78F6B0851746A9FE00AA070D /* CCMenu.m */,
				78F6B0861746A9FE00AA070D /* CCMenuItem.h */,
				78F6B0871746A9FE00AA070D /* CCMenuItem.m */,
				78F6B0881746A9FE00AA070D /* CCMotionStreak.h */,
				78F6B0891746A9FE00AA070D /* CCMotionStreak.m */,
				78F6B08A1746A9FE00AA070D /* CCNode+Debug.h */,
				78F6B08B1746A9FE00AA070D /* CCNode+Debug.m */,
				78F6B08C1746A9FE00AA070D /* CCNode.h */,
				78F6B08D1746A9FE00AA070D /* CCNode.m */,
				78F6B08E1746A9FE00AA070D /* CCParallaxNode.h */,
				78F6B08F1746A9FE00AA070D /* CCParallaxNode.m */,
				78F6B0901746A9FE00AA070D /* CCParticleBatchNode.h */,
				78F6B0911746A9FE00AA070D /* CCParticleBatchNode.m */,
				78F6B0921746A9FE00AA070D /* CCParticleExamples.h */,
				78F6B0931746A9FE00AA070D /* CCParticleExamples.m */,
				78F6B0941746A9FE00AA070D /* CCParticleSystem.h */,
				78F6B0951746A9FE00AA070D /* CCParticleSystem.m */,
				78F6B0961746A9FE00AA070D /* CCParticleSystemQuad.h */,
				78F6B0971746A9FE00AA070D /* CCParticleSystemQuad.m */,
				78F6B0981746A9FE00AA070D /* CCPhysicsDebugNode.h */,
				78F6B0991746A9FE00AA070D /* CCPhysicsDebugNode.m */,
				78F6B09A1746A9FE00AA070D /* CCPhysicsSprite.h */,
				78F6B09B1746A9FE00AA070D /* CCPhysicsSprite.mm */,
				78F6B09C1746A9FE00AA070D /* CCProgressTimer.h */,
				78F6B09D1746A9FE00AA070D /* CCProgressTimer.m */,
				78F6B09E1746A9FE00AA070D /* CCProtocols.h */,
				78F6B09F1746A9FE00AA070D /* CCRenderTexture.h */,
				78F6B0A01746A9FE00AA070D /* CCRenderTexture.m */,
				78F6B0A11746A9FE00AA070D /* CCScene.h */,
				78F6B0A21746A9FE00AA070D /* CCScene.m */,
				78F6B0A31746A9FE00AA070D /* CCScheduler.h */,
				78F6B0A41746A9FE00AA070D /* CCScheduler.m */,
				78F6B0A51746A9FE00AA070D /* ccShader_Position_uColor_frag.h */,
				78F6B0A61746A9FE00AA070D /* ccShader_Position_uColor_vert.h */,
				78F6B0A71746A9FE00AA070D /* ccShader_PositionColor_frag.h */,
				78F6B0A81746A9FE00AA070D /* ccShader_PositionColor_vert.h */,
				78F6B0A91746A9FE00AA070D /* ccShader_PositionColorLengthTexture_frag.h */,
				78F6B0AA1746A9FE00AA070D /* ccShader_PositionColorLengthTexture_vert.h */,
				78F6B0AB1746A9FE00AA070D /* ccShader_PositionTexture_frag.h */,
				78F6B0AC1746A9FE00AA070D /* ccShader_PositionTexture_uColor_frag.h */,
				78F6B0AD1746A9FE00AA070D /* ccShader_PositionTexture_uColor_vert.h */,
				78F6B0AE1746A9FE00AA070D /* ccShader_PositionTexture_vert.h */,
				78F6B0AF1746A9FE00AA070D /* ccShader_PositionTextureA8Color_frag.h */,
				78F6B0B01746A9FE00AA070D /* ccShader_PositionTextureA8Color_vert.h */,
				78F6B0B11746A9FE00AA070D /* ccShader_PositionTextureColor_frag.h */,
				78F6B0B21746A9FE00AA070D /* ccShader_PositionTextureColor_vert.h */,
				78F6B0B31746A9FE00AA070D /* ccShader_PositionTextureColorAlphaTest_frag.h */,
				78F6B0B41746A9FE00AA070D /* CCShaderCache.h */,
				78F6B0B51746A9FE00AA070D /* CCShaderCache.m */,
				78F6B0B61746A9FE00AA070D /* ccShaders.h */,
				78F6B0B71746A9FE00AA070D /* ccShaders.m */,
				78F6B0B81746A9FE00AA070D /* CCSprite.h */,
				78F6B0B91746A9FE00AA070D /* CCSprite.m */,
				78F6B0BA1746A9FE00AA070D /* CCSpriteBatchNode.h */,
				78F6B0BB1746A9FE00AA070D /* CCSpriteBatchNode.m */,
				78F6B0BC1746A9FE00AA070D /* CCSpriteFrame.h */,
				78F6B0BD1746A9FE00AA070D /* CCSpriteFrame.m */,
				78F6B0BE1746A9FE00AA070D /* CCSpriteFrameCache.h */,
				78F6B0BF1746A9FE00AA070D /* CCSpriteFrameCache.m */,
				78F6B0C01746A9FE00AA070D /* CCTexture2D.h */,
				78F6B0C11746A9FE00AA070D /* CCTexture2D.m */,
				78F6B0C21746A9FE00AA070D /* CCTextureAtlas.h */,
				78F6B0C31746A9FE00AA070D /* CCTextureAtlas.m */,
				78F6B0C41746A9FE00AA070D /* CCTextureCache.h */,
				78F6B0C51746A9FE00AA070D /* CCTextureCache.m */,
				78F6B0C61746A9FE00AA070D /* CCTexturePVR.h */,
				78F6B0C71746A9FE00AA070D /* CCTexturePVR.m */,
				78F6B0C81746A9FE00AA070D /* CCTileMapAtlas.h */,
				78F6B0C91746A9FE00AA070D /* CCTileMapAtlas.m */,
				78F6B0CA1746A9FE00AA070D /* CCTMXLayer.h */,
				78F6B0CB1746A9FE00AA070D /* CCTMXLayer.m */,
				78F6B0CC1746A9FE00AA070D /* CCTMXObjectGroup.h */,
				78F6B0CD1746A9FE00AA070D /* CCTMXObjectGroup.m */,
				78F6B0CE1746A9FE00AA070D /* CCTMXTiledMap.h */,
				78F6B0CF1746A9FE00AA070D /* CCTMXTiledMap.m */,
				78F6B0D01746A9FE00AA070D /* CCTMXXMLParser.h */,
				78F6B0D11746A9FE00AA070D /* CCTMXXMLParser.m */,
				78F6B0D21746A9FE00AA070D /* CCTransition.h */,
				78F6B0D31746A9FE00AA070D /* CCTransition.m */,
				78F6B0D41746A9FE00AA070D /* CCTransitionPageTurn.h */,
				78F6B0D51746A9FE00AA070D /* CCTransitionPageTurn.m */,
				78F6B0D61746A9FE00AA070D /* CCTransitionProgress.h */,
				78F6B0D71746A9FE00AA070D /* CCTransitionProgress.m */,
				78F6B0D81746A9FE00AA070D /* ccTypes.h */,
				78F6B0D91746A9FE00AA070D /* cocos2d.h */,
				78F6B0DA1746A9FE00AA070D /* cocos2d.m */,
				78F6B0DB1746A9FE00AA070D /* Platforms */,
				78F6B0F41746A9FE00AA070D /* Support */,
			);
			path = cocos2d;
			sourceTree = "<group>";
		};
		78F6B0DB1746A9FE00AA070D /* Platforms */ = {
			isa = PBXGroup;
			children = (
				78F6B0DC1746A9FE00AA070D /* CCGL.h */,
				78F6B0DD1746A9FE00AA070D /* CCNS.h */,
				78F6B0DE1746A9FE00AA070D /* iOS */,
				78F6B0EB1746A9FE00AA070D /* Mac */,
			);
			path = Platforms;
			sourceTree = "<group>";
		};
		78F6B0DE1746A9FE00AA070D /* iOS */ = {
			isa = PBXGroup;
			children = (
				78F6B0DF1746A9FE00AA070D /* CCDirectorIOS.h */,
				78F6B0E01746A9FE00AA070D /* CCDirectorIOS.m */,
				78F6B0E11746A9FE00AA070D /* CCES2Renderer.h */,
				78F6B0E21746A9FE00AA070D /* CCES2Renderer.m */,
				78F6B0E31746A9FE00AA070D /* CCESRenderer.h */,
				78F6B0E41746A9FE00AA070D /* CCGLView.h */,
				78F6B0E51746A9FE00AA070D /* CCGLView.m */,
				78F6B0E61746A9FE00AA070D /* CCTouchDelegateProtocol.h */,
				78F6B0E71746A9FE00AA070D /* CCTouchDispatcher.h */,
				78F6B0E81746A9FE00AA070D /* CCTouchDispatcher.m */,
				78F6B0E91746A9FE00AA070D /* CCTouchHandler.h */,
				78F6B0EA1746A9FE00AA070D /* CCTouchHandler.m */,
			);
			path = iOS;
			sourceTree = "<group>";
		};
		78F6B0EB1746A9FE00AA070D /* Mac */ = {
			isa = PBXGroup;
			children = (
				78F6B0EC1746A9FE00AA070D /* CCDirectorMac.h */,
				78F6B0ED1746A9FE00AA070D /* CCDirectorMac.m */,
				78F6B0EE1746A9FE00AA070D /* CCEventDispatcher.h */,
				78F6B0EF1746A9FE00AA070D /* CCEventDispatcher.m */,
				78F6B0F01746A9FE00AA070D /* CCGLView.h */,
				78F6B0F11746A9FE00AA070D /* CCGLView.m */,
				78F6B0F21746A9FE00AA070D /* CCWindow.h */,
				78F6B0F31746A9FE00AA070D /* CCWindow.m */,
			);
			path = Mac;
			sourceTree = "<group>";
		};
		78F6B0F41746A9FE00AA070D /* Support */ = {
			isa = PBXGroup;
			children = (
				78F6B0F51746A9FE00AA070D /* base64.c */,
				78F6B0F61746A9FE00AA070D /* base64.h */,
				78F6B0F71746A9FE00AA070D /* CCArray.h */,
				78F6B0F81746A9FE00AA070D /* CCArray.m */,
				78F6B0F91746A9FE00AA070D /* ccCArray.h */,
				78F6B0FA1746A9FE00AA070D /* ccCArray.m */,
				78F6B0FB1746A9FE00AA070D /* CCFileUtils.h */,
				78F6B0FC1746A9FE00AA070D /* CCFileUtils.m */,
				78F6B0FD1746A9FE00AA070D /* CCProfiling.h */,
				78F6B0FE1746A9FE00AA070D /* CCProfiling.m */,
				78F6B0FF1746A9FE00AA070D /* ccUtils.c */,
				78F6B1001746A9FE00AA070D /* ccUtils.h */,
				78F6B1011746A9FE00AA070D /* CCVertex.h */,
				78F6B1021746A9FE00AA070D /* CCVertex.m */,
				78F6B1031746A9FE00AA070D /* CGPointExtension.h */,
				78F6B1041746A9FE00AA070D /* CGPointExtension.m */,
				78F6B1051746A9FE00AA070D /* NSThread+performBlock.h */,
				78F6B1061746A9FE00AA070D /* NSThread+performBlock.m */,
				78F6B1071746A9FE00AA070D /* OpenGL_Internal.h */,
				78F6B1081746A9FE00AA070D /* TGAlib.h */,
				78F6B1091746A9FE00AA070D /* TGAlib.m */,
				78F6B10A1746A9FE00AA070D /* TransformUtils.h */,
				78F6B10B1746A9FE00AA070D /* TransformUtils.m */,
				78F6B10C1746A9FE00AA070D /* uthash.h */,
				78F6B10D1746A9FE00AA070D /* utlist.h */,
				78F6B10E1746A9FE00AA070D /* ZipUtils.h */,
				78F6B10F1746A9FE00AA070D /* ZipUtils.m */,
			);
			path = Support;
			sourceTree = "<group>";
		};
		78F6B1101746A9FE00AA070D /* CocosDenshion */ = {
			isa = PBXGroup;
			children = (
				78F6B1111746A9FE00AA070D /* CDAudioManager.h */,
				78F6B1121746A9FE00AA070D /* CDAudioManager.m */,
				78F6B1131746A9FE00AA070D /* CDConfig.h */,
				78F6B1141746A9FE00AA070D /* CDOpenALSupport.h */,
				78F6B1151746A9FE00AA070D /* CDOpenALSupport.m */,
				78F6B1161746A9FE00AA070D /* CDXMacOSXSupport.h */,
				78F6B1171746A9FE00AA070D /* CDXMacOSXSupport.m */,
				78F6B1181746A9FE00AA070D /* CDXPropertyModifierAction.h */,
				78F6B1191746A9FE00AA070D /* CDXPropertyModifierAction.m */,
				78F6B11A1746A9FE00AA070D /* CocosDenshion.h */,
				78F6B11B1746A9FE00AA070D /* CocosDenshion.m */,
				78F6B11C1746A9FE00AA070D /* README.md */,
				78F6B11D1746A9FE00AA070D /* SimpleAudioEngine.h */,
				78F6B11E1746A9FE00AA070D /* SimpleAudioEngine.m */,
			);
			path = CocosDenshion;
			sourceTree = "<group>";
		};
		78F6B11F1746A9FE00AA070D /* kazmath */ = {
			isa = PBXGroup;
			children = (
				78F6B1201746A9FE00AA070D /* include */,
				78F6B1311746A9FE00AA070D /* src */,
			);
			path = kazmath;
			sourceTree = "<group>";
		};
		78F6B1201746A9FE00AA070D /* include */ = {
			isa = PBXGroup;
			children = (
				78F6B1211746A9FE00AA070D /* kazmath */,
			);
			path = include;
			sourceTree = "<group>";
		};
		78F6B1211746A9FE00AA070D /* kazmath */ = {
			isa = PBXGroup;
			children = (
				78F6B1221746A9FE00AA070D /* aabb.h */,
				78F6B1231746A9FE00AA070D /* GL */,
				78F6B1261746A9FE00AA070D /* kazmath.h */,
				78F6B1271746A9FE00AA070D /* mat3.h */,
				78F6B1281746A9FE00AA070D /* mat4.h */,
				78F6B1291746A9FE00AA070D /* neon_matrix_impl.h */,
				78F6B12A1746A9FE00AA070D /* plane.h */,
				78F6B12B1746A9FE00AA070D /* quaternion.h */,
				78F6B12C1746A9FE00AA070D /* ray2.h */,
				78F6B12D1746A9FE00AA070D /* utility.h */,
				78F6B12E1746A9FE00AA070D /* vec2.h */,
				78F6B12F1746A9FE00AA070D /* vec3.h */,
				78F6B1301746A9FE00AA070D /* vec4.h */,
			);
			path = kazmath;
			sourceTree = "<group>";
		};
		78F6B1231746A9FE00AA070D /* GL */ = {
			isa = PBXGroup;
			children = (
				78F6B1241746A9FE00AA070D /* mat4stack.h */,
				78F6B1251746A9FE00AA070D /* matrix.h */,
			);
			path = GL;
			sourceTree = "<group>";
		};
		78F6B1311746A9FE00AA070D /* src */ = {
			isa = PBXGroup;
			children = (
				78F6B1321746A9FE00AA070D /* aabb.c */,
				78F6B1331746A9FE00AA070D /* ChangeLog */,
				78F6B1341746A9FE00AA070D /* CMakeLists.txt */,
				78F6B1351746A9FE00AA070D /* GL */,
				78F6B1381746A9FE00AA070D /* mat3.c */,
				78F6B1391746A9FE00AA070D /* mat4.c */,
				78F6B13A1746A9FE00AA070D /* neon_matrix_impl.c */,
				78F6B13B1746A9FE00AA070D /* plane.c */,
				78F6B13C1746A9FE00AA070D /* quaternion.c */,
				78F6B13D1746A9FE00AA070D /* ray2.c */,
				78F6B13E1746A9FE00AA070D /* utility.c */,
				78F6B13F1746A9FE00AA070D /* vec2.c */,
				78F6B1401746A9FE00AA070D /* vec3.c */,
				78F6B1411746A9FE00AA070D /* vec4.c */,
			);
			path = src;
			sourceTree = "<group>";
		};
		78F6B1351746A9FE00AA070D /* GL */ = {
			isa = PBXGroup;
			children = (
				78F6B1361746A9FE00AA070D /* mat4stack.c */,
				78F6B1371746A9FE00AA070D /* matrix.c */,
			);
			path = GL;
			sourceTree = "<group>";
		};
/* End PBXGroup section */

/* Begin PBXNativeTarget section */
		78F6ADB61746A7A700AA070D /* Cocos2d */ = {
			isa = PBXNativeTarget;
			buildConfigurationList = 78F6ADC51746A7A700AA070D /* Build configuration list for PBXNativeTarget "Cocos2d" */;
			buildPhases = (
				78F6ADB31746A7A700AA070D /* Sources */,
				78F6ADB41746A7A700AA070D /* Frameworks */,
				78F6ADB51746A7A700AA070D /* CopyFiles */,
			);
			buildRules = (
			);
			dependencies = (
			);
			name = Cocos2d;
			productName = Cocos2d;
			productReference = 78F6ADB71746A7A700AA070D /* libCocos2d.a */;
			productType = "com.apple.product-type.library.static";
		};
/* End PBXNativeTarget section */

/* Begin PBXProject section */
		78F6ADAF1746A7A700AA070D /* Project object */ = {
			isa = PBXProject;
			attributes = {
				LastUpgradeCheck = 0460;
				ORGANIZATIONNAME = "The LAB";
			};
			buildConfigurationList = 78F6ADB21746A7A700AA070D /* Build configuration list for PBXProject "Cocos2d" */;
			compatibilityVersion = "Xcode 3.2";
			developmentRegion = English;
			hasScannedForEncodings = 0;
			knownRegions = (
				en,
			);
			mainGroup = 78F6ADAE1746A7A700AA070D;
			productRefGroup = 78F6ADB81746A7A700AA070D /* Products */;
			projectDirPath = "";
			projectRoot = "";
			targets = (
				78F6ADB61746A7A700AA070D /* Cocos2d */,
			);
		};
/* End PBXProject section */

/* Begin PBXSourcesBuildPhase section */
		78F6ADB31746A7A700AA070D /* Sources */ = {
			isa = PBXSourcesBuildPhase;
			buildActionMask = 2147483647;
			files = (
				78F6B1451746A9FE00AA070D /* CCAction.m in Sources */,
				78F6B1461746A9FE00AA070D /* CCActionCamera.m in Sources */,
				78F6B1471746A9FE00AA070D /* CCActionCatmullRom.m in Sources */,
				78F6B1481746A9FE00AA070D /* CCActionEase.m in Sources */,
				78F6B1491746A9FE00AA070D /* CCActionGrid.m in Sources */,
				78F6B14A1746A9FE00AA070D /* CCActionGrid3D.m in Sources */,
				78F6B14B1746A9FE00AA070D /* CCActionInstant.m in Sources */,
				78F6B14C1746A9FE00AA070D /* CCActionInterval.m in Sources */,
				78F6B14D1746A9FE00AA070D /* CCActionManager.m in Sources */,
				78F6B14E1746A9FE00AA070D /* CCActionPageTurn3D.m in Sources */,
				78F6B14F1746A9FE00AA070D /* CCActionProgressTimer.m in Sources */,
				78F6B1501746A9FE00AA070D /* CCActionTiledGrid.m in Sources */,
				78F6B1511746A9FE00AA070D /* CCActionTween.m in Sources */,
				78F6B1521746A9FE00AA070D /* CCAnimation.m in Sources */,
				78F6B1531746A9FE00AA070D /* CCAnimationCache.m in Sources */,
				78F6B1541746A9FE00AA070D /* CCAtlasNode.m in Sources */,
				78F6B1551746A9FE00AA070D /* CCCamera.m in Sources */,
				78F6B1561746A9FE00AA070D /* CCClippingNode.m in Sources */,
				78F6B1571746A9FE00AA070D /* CCConfiguration.m in Sources */,
				78F6B1581746A9FE00AA070D /* ccDeprecated.m in Sources */,
				78F6B1591746A9FE00AA070D /* CCDirector.m in Sources */,
				78F6B15A1746A9FE00AA070D /* CCDrawingPrimitives.m in Sources */,
				78F6B15B1746A9FE00AA070D /* CCDrawNode.m in Sources */,
				78F6B15C1746A9FE00AA070D /* ccFPSImages.m in Sources */,
				78F6B15D1746A9FE00AA070D /* CCGLProgram.m in Sources */,
				78F6B15E1746A9FE00AA070D /* ccGLStateCache.m in Sources */,
				78F6B15F1746A9FE00AA070D /* CCGrabber.m in Sources */,
				78F6B1601746A9FE00AA070D /* CCGrid.m in Sources */,
				78F6B1611746A9FE00AA070D /* CCLabelAtlas.m in Sources */,
				78F6B1621746A9FE00AA070D /* CCLabelBMFont.m in Sources */,
				78F6B1631746A9FE00AA070D /* CCLabelTTF.m in Sources */,
				78F6B1641746A9FE00AA070D /* CCLayer.m in Sources */,
				78F6B1651746A9FE00AA070D /* CCMenu.m in Sources */,
				78F6B1661746A9FE00AA070D /* CCMenuItem.m in Sources */,
				78F6B1671746A9FE00AA070D /* CCMotionStreak.m in Sources */,
				78F6B1681746A9FE00AA070D /* CCNode+Debug.m in Sources */,
				78F6B1691746A9FE00AA070D /* CCNode.m in Sources */,
				78F6B16A1746A9FE00AA070D /* CCParallaxNode.m in Sources */,
				78F6B16B1746A9FE00AA070D /* CCParticleBatchNode.m in Sources */,
				78F6B16C1746A9FE00AA070D /* CCParticleExamples.m in Sources */,
				78F6B16D1746A9FE00AA070D /* CCParticleSystem.m in Sources */,
				78F6B16E1746A9FE00AA070D /* CCParticleSystemQuad.m in Sources */,
				78F6B16F1746A9FE00AA070D /* CCPhysicsDebugNode.m in Sources */,
				78F6B1701746A9FE00AA070D /* CCPhysicsSprite.mm in Sources */,
				78F6B1711746A9FE00AA070D /* CCProgressTimer.m in Sources */,
				78F6B1721746A9FE00AA070D /* CCRenderTexture.m in Sources */,
				78F6B1731746A9FE00AA070D /* CCScene.m in Sources */,
				78F6B1741746A9FE00AA070D /* CCScheduler.m in Sources */,
				78F6B1751746A9FE00AA070D /* CCShaderCache.m in Sources */,
				78F6B1761746A9FE00AA070D /* ccShaders.m in Sources */,
				78F6B1771746A9FE00AA070D /* CCSprite.m in Sources */,
				78F6B1781746A9FE00AA070D /* CCSpriteBatchNode.m in Sources */,
				78F6B1791746A9FE00AA070D /* CCSpriteFrame.m in Sources */,
				78F6B17A1746A9FE00AA070D /* CCSpriteFrameCache.m in Sources */,
				78F6B17B1746A9FE00AA070D /* CCTexture2D.m in Sources */,
				78F6B17C1746A9FE00AA070D /* CCTextureAtlas.m in Sources */,
				78F6B17D1746A9FE00AA070D /* CCTextureCache.m in Sources */,
				78F6B17E1746A9FE00AA070D /* CCTexturePVR.m in Sources */,
				78F6B17F1746A9FE00AA070D /* CCTileMapAtlas.m in Sources */,
				78F6B1801746A9FE00AA070D /* CCTMXLayer.m in Sources */,
				78F6B1811746A9FE00AA070D /* CCTMXObjectGroup.m in Sources */,
				78F6B1821746A9FE00AA070D /* CCTMXTiledMap.m in Sources */,
				78F6B1831746A9FE00AA070D /* CCTMXXMLParser.m in Sources */,
				78F6B1841746A9FE00AA070D /* CCTransition.m in Sources */,
				78F6B1851746A9FE00AA070D /* CCTransitionPageTurn.m in Sources */,
				78F6B1861746A9FE00AA070D /* CCTransitionProgress.m in Sources */,
				78F6B1871746A9FE00AA070D /* cocos2d.m in Sources */,
				78F6B1881746A9FE00AA070D /* CCDirectorIOS.m in Sources */,
				78F6B1891746A9FE00AA070D /* CCES2Renderer.m in Sources */,
				78F6B18A1746A9FE00AA070D /* CCGLView.m in Sources */,
				78F6B18B1746A9FE00AA070D /* CCTouchDispatcher.m in Sources */,
				78F6B18C1746A9FE00AA070D /* CCTouchHandler.m in Sources */,
				78F6B18D1746A9FE00AA070D /* CCDirectorMac.m in Sources */,
				78F6B18E1746A9FE00AA070D /* CCEventDispatcher.m in Sources */,
				78F6B18F1746A9FE00AA070D /* CCGLView.m in Sources */,
				78F6B1901746A9FE00AA070D /* CCWindow.m in Sources */,
				78F6B1911746A9FE00AA070D /* base64.c in Sources */,
				78F6B1921746A9FE00AA070D /* CCArray.m in Sources */,
				78F6B1931746A9FE00AA070D /* ccCArray.m in Sources */,
				78F6B1941746A9FE00AA070D /* CCFileUtils.m in Sources */,
				78F6B1951746A9FE00AA070D /* CCProfiling.m in Sources */,
				78F6B1961746A9FE00AA070D /* ccUtils.c in Sources */,
				78F6B1971746A9FE00AA070D /* CCVertex.m in Sources */,
				78F6B1981746A9FE00AA070D /* CGPointExtension.m in Sources */,
				78F6B1991746A9FE00AA070D /* NSThread+performBlock.m in Sources */,
				78F6B19A1746A9FE00AA070D /* TGAlib.m in Sources */,
				78F6B19B1746A9FE00AA070D /* TransformUtils.m in Sources */,
				78F6B19C1746A9FE00AA070D /* ZipUtils.m in Sources */,
				78F6B19D1746A9FE00AA070D /* CDAudioManager.m in Sources */,
				78F6B19E1746A9FE00AA070D /* CDOpenALSupport.m in Sources */,
				78F6B19F1746A9FE00AA070D /* CDXMacOSXSupport.m in Sources */,
				78F6B1A01746A9FE00AA070D /* CDXPropertyModifierAction.m in Sources */,
				78F6B1A11746A9FE00AA070D /* CocosDenshion.m in Sources */,
				78F6B1A21746A9FE00AA070D /* SimpleAudioEngine.m in Sources */,
				78F6B1A31746A9FE00AA070D /* aabb.c in Sources */,
				78F6B1A41746A9FE00AA070D /* mat4stack.c in Sources */,
				78F6B1A51746A9FE00AA070D /* matrix.c in Sources */,
				78F6B1A61746A9FE00AA070D /* mat3.c in Sources */,
				78F6B1A71746A9FE00AA070D /* mat4.c in Sources */,
				78F6B1A81746A9FE00AA070D /* neon_matrix_impl.c in Sources */,
				78F6B1A91746A9FE00AA070D /* plane.c in Sources */,
				78F6B1AA1746A9FE00AA070D /* quaternion.c in Sources */,
				78F6B1AB1746A9FE00AA070D /* ray2.c in Sources */,
				78F6B1AC1746A9FE00AA070D /* utility.c in Sources */,
				78F6B1AD1746A9FE00AA070D /* vec2.c in Sources */,
				78F6B1AE1746A9FE00AA070D /* vec3.c in Sources */,
				78F6B1AF1746A9FE00AA070D /* vec4.c in Sources */,
			);
			runOnlyForDeploymentPostprocessing = 0;
		};
/* End PBXSourcesBuildPhase section */

/* Begin XCBuildConfiguration section */
		78F6ADC31746A7A700AA070D /* Debug */ = {
			isa = XCBuildConfiguration;
			buildSettings = {
				ALWAYS_SEARCH_USER_PATHS = NO;
				CLANG_CXX_LANGUAGE_STANDARD = "gnu++0x";
				CLANG_CXX_LIBRARY = "libc++";
				CLANG_WARN_CONSTANT_CONVERSION = YES;
				CLANG_WARN_EMPTY_BODY = YES;
				CLANG_WARN_ENUM_CONVERSION = YES;
				CLANG_WARN_INT_CONVERSION = YES;
				CLANG_WARN__DUPLICATE_METHOD_MATCH = YES;
				COPY_PHASE_STRIP = NO;
				GCC_C_LANGUAGE_STANDARD = gnu99;
				GCC_DYNAMIC_NO_PIC = NO;
				GCC_OPTIMIZATION_LEVEL = 0;
				GCC_PREPROCESSOR_DEFINITIONS = (
					"DEBUG=1",
					"$(inherited)",
				);
				GCC_SYMBOLS_PRIVATE_EXTERN = NO;
				GCC_WARN_ABOUT_RETURN_TYPE = YES;
				GCC_WARN_UNINITIALIZED_AUTOS = YES;
				GCC_WARN_UNUSED_VARIABLE = YES;
				IPHONEOS_DEPLOYMENT_TARGET = 6.1;
				ONLY_ACTIVE_ARCH = YES;
				SDKROOT = iphoneos;
			};
			name = Debug;
		};
		78F6ADC41746A7A700AA070D /* Release */ = {
			isa = XCBuildConfiguration;
			buildSettings = {
				ALWAYS_SEARCH_USER_PATHS = NO;
				CLANG_CXX_LANGUAGE_STANDARD = "gnu++0x";
				CLANG_CXX_LIBRARY = "libc++";
				CLANG_WARN_CONSTANT_CONVERSION = YES;
				CLANG_WARN_EMPTY_BODY = YES;
				CLANG_WARN_ENUM_CONVERSION = YES;
				CLANG_WARN_INT_CONVERSION = YES;
				CLANG_WARN__DUPLICATE_METHOD_MATCH = YES;
				COPY_PHASE_STRIP = YES;
				GCC_C_LANGUAGE_STANDARD = gnu99;
				GCC_WARN_ABOUT_RETURN_TYPE = YES;
				GCC_WARN_UNINITIALIZED_AUTOS = YES;
				GCC_WARN_UNUSED_VARIABLE = YES;
				IPHONEOS_DEPLOYMENT_TARGET = 6.1;
				SDKROOT = iphoneos;
				VALIDATE_PRODUCT = YES;
			};
			name = Release;
		};
		78F6ADC61746A7A700AA070D /* Debug */ = {
			isa = XCBuildConfiguration;
			buildSettings = {
				DSTROOT = /tmp/Cocos2d.dst;
				GCC_PRECOMPILE_PREFIX_HEADER = YES;
				GCC_PREFIX_HEADER = "Cocos2d/Cocos2d-Prefix.pch";
				HEADER_SEARCH_PATHS = "\"Cocos2d/kazmath/include\"";
				OTHER_LDFLAGS = "-ObjC";
				PRODUCT_NAME = "$(TARGET_NAME)";
				SKIP_INSTALL = YES;
			};
			name = Debug;
		};
		78F6ADC71746A7A700AA070D /* Release */ = {
			isa = XCBuildConfiguration;
			buildSettings = {
				DSTROOT = /tmp/Cocos2d.dst;
				GCC_PRECOMPILE_PREFIX_HEADER = YES;
				GCC_PREFIX_HEADER = "Cocos2d/Cocos2d-Prefix.pch";
				HEADER_SEARCH_PATHS = "\"Cocos2d/kazmath/include\"";
				OTHER_LDFLAGS = "-ObjC";
				PRODUCT_NAME = "$(TARGET_NAME)";
				SKIP_INSTALL = YES;
			};
			name = Release;
		};
/* End XCBuildConfiguration section */

/* Begin XCConfigurationList section */
		78F6ADB21746A7A700AA070D /* Build configuration list for PBXProject "Cocos2d" */ = {
			isa = XCConfigurationList;
			buildConfigurations = (
				78F6ADC31746A7A700AA070D /* Debug */,
				78F6ADC41746A7A700AA070D /* Release */,
			);
			defaultConfigurationIsVisible = 0;
			defaultConfigurationName = Release;
		};
		78F6ADC51746A7A700AA070D /* Build configuration list for PBXNativeTarget "Cocos2d" */ = {
			isa = XCConfigurationList;
			buildConfigurations = (
				78F6ADC61746A7A700AA070D /* Debug */,
				78F6ADC71746A7A700AA070D /* Release */,
			);
			defaultConfigurationIsVisible = 0;
		};
/* End XCConfigurationList section */
	};
	rootObject = 78F6ADAF1746A7A700AA070D /* Project object */;
}
