<?xml version="1.0" encoding="UTF-8"?>
<!DOCTYPE plist PUBLIC "-//Apple//DTD PLIST 1.0//EN" "http://www.apple.com/DTDs/PropertyList-1.0.dtd">
<plist version="1.0">
<dict>
	<key>archiveVersion</key>
	<string>1</string>
	<key>classes</key>
	<dict/>
	<key>objectVersion</key>
	<string>46</string>
	<key>objects</key>
	<dict>
		<key>3043ADB11746CCF8005436AB</key>
		<dict>
			<key>fileEncoding</key>
			<string>4</string>
			<key>isa</key>
			<string>PBXFileReference</string>
			<key>lastKnownFileType</key>
			<string>sourcecode.c.h</string>
			<key>path</key>
			<string>PentEmblem.h</string>
			<key>sourceTree</key>
			<string>&lt;group&gt;</string>
		</dict>
		<key>3043ADB21746CCF8005436AB</key>
		<dict>
			<key>fileEncoding</key>
			<string>4</string>
			<key>isa</key>
			<string>PBXFileReference</string>
			<key>lastKnownFileType</key>
			<string>sourcecode.c.objc</string>
			<key>path</key>
			<string>PentEmblem.m</string>
			<key>sourceTree</key>
			<string>&lt;group&gt;</string>
		</dict>
		<key>3043ADB31746CCF8005436AB</key>
		<dict>
			<key>fileRef</key>
			<string>3043ADB21746CCF8005436AB</string>
			<key>isa</key>
			<string>PBXBuildFile</string>
		</dict>
		<key>3043ADC81746E591005436AB</key>
		<dict>
			<key>isa</key>
			<string>PBXFileReference</string>
			<key>lastKnownFileType</key>
			<string>image.png</string>
			<key>path</key>
			<string>pentagram-earth.png</string>
			<key>sourceTree</key>
			<string>&lt;group&gt;</string>
		</dict>
		<key>3043ADC91746E591005436AB</key>
		<dict>
			<key>isa</key>
			<string>PBXFileReference</string>
			<key>lastKnownFileType</key>
			<string>image.png</string>
			<key>path</key>
			<string>pentagram-earth@2x.png</string>
			<key>sourceTree</key>
			<string>&lt;group&gt;</string>
		</dict>
		<key>3043ADCA1746E592005436AB</key>
		<dict>
			<key>isa</key>
			<string>PBXFileReference</string>
			<key>lastKnownFileType</key>
			<string>image.png</string>
			<key>path</key>
			<string>pentagram-fire.png</string>
			<key>sourceTree</key>
			<string>&lt;group&gt;</string>
		</dict>
		<key>3043ADCB1746E592005436AB</key>
		<dict>
			<key>isa</key>
			<string>PBXFileReference</string>
			<key>lastKnownFileType</key>
			<string>image.png</string>
			<key>path</key>
			<string>pentagram-fire@2x.png</string>
			<key>sourceTree</key>
			<string>&lt;group&gt;</string>
		</dict>
		<key>3043ADCC1746E592005436AB</key>
		<dict>
			<key>isa</key>
			<string>PBXFileReference</string>
			<key>lastKnownFileType</key>
			<string>image.png</string>
			<key>path</key>
			<string>pentagram-heart.png</string>
			<key>sourceTree</key>
			<string>&lt;group&gt;</string>
		</dict>
		<key>3043ADCD1746E592005436AB</key>
		<dict>
			<key>isa</key>
			<string>PBXFileReference</string>
			<key>lastKnownFileType</key>
			<string>image.png</string>
			<key>path</key>
			<string>pentagram-heart@2x.png</string>
			<key>sourceTree</key>
			<string>&lt;group&gt;</string>
		</dict>
		<key>3043ADCE1746E592005436AB</key>
		<dict>
			<key>isa</key>
			<string>PBXFileReference</string>
			<key>lastKnownFileType</key>
			<string>image.png</string>
			<key>path</key>
			<string>pentagram-water.png</string>
			<key>sourceTree</key>
			<string>&lt;group&gt;</string>
		</dict>
		<key>3043ADCF1746E592005436AB</key>
		<dict>
			<key>isa</key>
			<string>PBXFileReference</string>
			<key>lastKnownFileType</key>
			<string>image.png</string>
			<key>path</key>
			<string>pentagram-water@2x.png</string>
			<key>sourceTree</key>
			<string>&lt;group&gt;</string>
		</dict>
		<key>3043ADD01746E592005436AB</key>
		<dict>
			<key>isa</key>
			<string>PBXFileReference</string>
			<key>lastKnownFileType</key>
			<string>image.png</string>
			<key>path</key>
			<string>pentagram-wind.png</string>
			<key>sourceTree</key>
			<string>&lt;group&gt;</string>
		</dict>
		<key>3043ADD11746E592005436AB</key>
		<dict>
			<key>isa</key>
			<string>PBXFileReference</string>
			<key>lastKnownFileType</key>
			<string>image.png</string>
			<key>path</key>
			<string>pentagram-wind@2x.png</string>
			<key>sourceTree</key>
			<string>&lt;group&gt;</string>
		</dict>
		<key>3043ADD21746E592005436AB</key>
		<dict>
			<key>fileRef</key>
			<string>3043ADC81746E591005436AB</string>
			<key>isa</key>
			<string>PBXBuildFile</string>
		</dict>
		<key>3043ADD31746E592005436AB</key>
		<dict>
			<key>fileRef</key>
			<string>3043ADC91746E591005436AB</string>
			<key>isa</key>
			<string>PBXBuildFile</string>
		</dict>
		<key>3043ADD41746E592005436AB</key>
		<dict>
			<key>fileRef</key>
			<string>3043ADCA1746E592005436AB</string>
			<key>isa</key>
			<string>PBXBuildFile</string>
		</dict>
		<key>3043ADD51746E592005436AB</key>
		<dict>
			<key>fileRef</key>
			<string>3043ADCB1746E592005436AB</string>
			<key>isa</key>
			<string>PBXBuildFile</string>
		</dict>
		<key>3043ADD61746E592005436AB</key>
		<dict>
			<key>fileRef</key>
			<string>3043ADCC1746E592005436AB</string>
			<key>isa</key>
			<string>PBXBuildFile</string>
		</dict>
		<key>3043ADD71746E592005436AB</key>
		<dict>
			<key>fileRef</key>
			<string>3043ADCD1746E592005436AB</string>
			<key>isa</key>
			<string>PBXBuildFile</string>
		</dict>
		<key>3043ADD81746E592005436AB</key>
		<dict>
			<key>fileRef</key>
			<string>3043ADCE1746E592005436AB</string>
			<key>isa</key>
			<string>PBXBuildFile</string>
		</dict>
		<key>3043ADD91746E592005436AB</key>
		<dict>
			<key>fileRef</key>
			<string>3043ADCF1746E592005436AB</string>
			<key>isa</key>
			<string>PBXBuildFile</string>
		</dict>
		<key>3043ADDA1746E592005436AB</key>
		<dict>
			<key>fileRef</key>
			<string>3043ADD01746E592005436AB</string>
			<key>isa</key>
			<string>PBXBuildFile</string>
		</dict>
		<key>3043ADDB1746E592005436AB</key>
		<dict>
			<key>fileRef</key>
			<string>3043ADD11746E592005436AB</string>
			<key>isa</key>
			<string>PBXBuildFile</string>
		</dict>
		<key>3043ADDC1746EC99005436AB</key>
		<dict>
			<key>fileEncoding</key>
			<string>4</string>
			<key>isa</key>
			<string>PBXFileReference</string>
			<key>lastKnownFileType</key>
			<string>sourcecode.c.h</string>
			<key>path</key>
			<string>DrawingLayer.h</string>
			<key>sourceTree</key>
			<string>&lt;group&gt;</string>
		</dict>
		<key>3043ADDD1746EC99005436AB</key>
		<dict>
			<key>fileEncoding</key>
			<string>4</string>
			<key>isa</key>
			<string>PBXFileReference</string>
			<key>lastKnownFileType</key>
			<string>sourcecode.c.objc</string>
			<key>path</key>
			<string>DrawingLayer.m</string>
			<key>sourceTree</key>
			<string>&lt;group&gt;</string>
		</dict>
		<key>3043ADDE1746EC99005436AB</key>
		<dict>
			<key>fileRef</key>
			<string>3043ADDD1746EC99005436AB</string>
			<key>isa</key>
			<string>PBXBuildFile</string>
		</dict>
		<key>30977B38174687C000C1D348</key>
		<dict>
			<key>children</key>
			<array>
				<string>30977B691746883600C1D348</string>
				<string>30977B6A1746883600C1D348</string>
				<string>30977B4A174687C000C1D348</string>
				<string>30977B43174687C000C1D348</string>
				<string>30977B42174687C000C1D348</string>
			</array>
			<key>isa</key>
			<string>PBXGroup</string>
			<key>sourceTree</key>
			<string>&lt;group&gt;</string>
		</dict>
		<key>30977B39174687C000C1D348</key>
		<dict>
			<key>attributes</key>
			<dict>
				<key>CLASSPREFIX</key>
				<string>WW</string>
				<key>LastUpgradeCheck</key>
				<string>0460</string>
				<key>ORGANIZATIONNAME</key>
				<string>WizardWar</string>
			</dict>
			<key>buildConfigurationList</key>
			<string>30977B3C174687C000C1D348</string>
			<key>compatibilityVersion</key>
			<string>Xcode 3.2</string>
			<key>developmentRegion</key>
			<string>English</string>
			<key>hasScannedForEncodings</key>
			<string>0</string>
			<key>isa</key>
			<string>PBXProject</string>
			<key>knownRegions</key>
			<array>
				<string>en</string>
			</array>
			<key>mainGroup</key>
			<string>30977B38174687C000C1D348</string>
			<key>productRefGroup</key>
			<string>30977B42174687C000C1D348</string>
			<key>projectDirPath</key>
			<string></string>
			<key>projectRoot</key>
			<string></string>
			<key>targets</key>
			<array>
				<string>30977B40174687C000C1D348</string>
			</array>
		</dict>
		<key>30977B3C174687C000C1D348</key>
		<dict>
			<key>buildConfigurations</key>
			<array>
				<string>30977B62174687C000C1D348</string>
				<string>30977B63174687C000C1D348</string>
			</array>
			<key>defaultConfigurationIsVisible</key>
			<string>0</string>
			<key>defaultConfigurationName</key>
			<string>Release</string>
			<key>isa</key>
			<string>XCConfigurationList</string>
		</dict>
		<key>30977B3D174687C000C1D348</key>
		<dict>
			<key>buildActionMask</key>
			<string>2147483647</string>
			<key>files</key>
			<array>
				<string>30977B51174687C000C1D348</string>
				<string>30977B55174687C000C1D348</string>
				<string>30977B61174687C000C1D348</string>
				<string>30977B6B1746883600C1D348</string>
				<string>3043ADB31746CCF8005436AB</string>
				<string>3043ADDE1746EC99005436AB</string>
			</array>
			<key>isa</key>
			<string>PBXSourcesBuildPhase</string>
			<key>runOnlyForDeploymentPostprocessing</key>
			<string>0</string>
		</dict>
		<key>30977B3E174687C000C1D348</key>
		<dict>
			<key>buildActionMask</key>
			<string>2147483647</string>
			<key>files</key>
			<array>
				<string>30977B45174687C000C1D348</string>
				<string>30977B47174687C000C1D348</string>
				<string>30977B49174687C000C1D348</string>
				<string>KIYDQKWBMRKIEYEVRWSLKUDQ</string>
				<string>KNPONLATPTEBRUFEBXNXFHCQ</string>
				<string>KHTIUSNFGMRPHCRVUMVBPGNH</string>
			</array>
			<key>isa</key>
			<string>PBXFrameworksBuildPhase</string>
			<key>runOnlyForDeploymentPostprocessing</key>
			<string>0</string>
		</dict>
		<key>30977B3F174687C000C1D348</key>
		<dict>
			<key>buildActionMask</key>
			<string>2147483647</string>
			<key>files</key>
			<array>
				<string>30977B4F174687C000C1D348</string>
				<string>30977B57174687C000C1D348</string>
				<string>30977B59174687C000C1D348</string>
				<string>30977B5B174687C000C1D348</string>
				<string>30977B5E174687C000C1D348</string>
				<string>30977B6E1746900C00C1D348</string>
				<string>3043ADD21746E592005436AB</string>
				<string>3043ADD31746E592005436AB</string>
				<string>3043ADD41746E592005436AB</string>
				<string>3043ADD51746E592005436AB</string>
				<string>3043ADD61746E592005436AB</string>
				<string>3043ADD71746E592005436AB</string>
				<string>3043ADD81746E592005436AB</string>
				<string>3043ADD91746E592005436AB</string>
				<string>3043ADDA1746E592005436AB</string>
				<string>3043ADDB1746E592005436AB</string>
			</array>
			<key>isa</key>
			<string>PBXResourcesBuildPhase</string>
			<key>runOnlyForDeploymentPostprocessing</key>
			<string>0</string>
		</dict>
		<key>30977B40174687C000C1D348</key>
		<dict>
			<key>buildConfigurationList</key>
			<string>30977B64174687C000C1D348</string>
			<key>buildPhases</key>
			<array>
				<string>30977B3D174687C000C1D348</string>
				<string>30977B3E174687C000C1D348</string>
				<string>30977B3F174687C000C1D348</string>
			</array>
			<key>buildRules</key>
			<array/>
			<key>dependencies</key>
			<array/>
			<key>isa</key>
			<string>PBXNativeTarget</string>
			<key>name</key>
			<string>WizardWar</string>
			<key>productName</key>
			<string>WizardWar</string>
			<key>productReference</key>
			<string>30977B41174687C000C1D348</string>
			<key>productType</key>
			<string>com.apple.product-type.application</string>
		</dict>
		<key>30977B41174687C000C1D348</key>
		<dict>
			<key>explicitFileType</key>
			<string>wrapper.application</string>
			<key>includeInIndex</key>
			<string>0</string>
			<key>isa</key>
			<string>PBXFileReference</string>
			<key>path</key>
			<string>WizardWar.app</string>
			<key>sourceTree</key>
			<string>BUILT_PRODUCTS_DIR</string>
		</dict>
		<key>30977B42174687C000C1D348</key>
		<dict>
			<key>children</key>
			<array>
				<string>30977B41174687C000C1D348</string>
			</array>
			<key>isa</key>
			<string>PBXGroup</string>
			<key>name</key>
			<string>Products</string>
			<key>sourceTree</key>
			<string>&lt;group&gt;</string>
		</dict>
		<key>30977B43174687C000C1D348</key>
		<dict>
			<key>children</key>
			<array>
				<string>30977B44174687C000C1D348</string>
				<string>30977B46174687C000C1D348</string>
				<string>30977B48174687C000C1D348</string>
				<string>HYXIFWTDXJPPRRMDCEPMDTJH</string>
				<string>THBDITSPYVFDWQYYBDCIDIXG</string>
				<string>QMNTBWVDMICWTEJGUAKXRYSM</string>
			</array>
			<key>isa</key>
			<string>PBXGroup</string>
			<key>name</key>
			<string>Frameworks</string>
			<key>sourceTree</key>
			<string>&lt;group&gt;</string>
		</dict>
		<key>30977B44174687C000C1D348</key>
		<dict>
			<key>isa</key>
			<string>PBXFileReference</string>
			<key>lastKnownFileType</key>
			<string>wrapper.framework</string>
			<key>name</key>
			<string>UIKit.framework</string>
			<key>path</key>
			<string>System/Library/Frameworks/UIKit.framework</string>
			<key>sourceTree</key>
			<string>SDKROOT</string>
		</dict>
		<key>30977B45174687C000C1D348</key>
		<dict>
			<key>fileRef</key>
			<string>30977B44174687C000C1D348</string>
			<key>isa</key>
			<string>PBXBuildFile</string>
		</dict>
		<key>30977B46174687C000C1D348</key>
		<dict>
			<key>isa</key>
			<string>PBXFileReference</string>
			<key>lastKnownFileType</key>
			<string>wrapper.framework</string>
			<key>name</key>
			<string>Foundation.framework</string>
			<key>path</key>
			<string>System/Library/Frameworks/Foundation.framework</string>
			<key>sourceTree</key>
			<string>SDKROOT</string>
		</dict>
		<key>30977B47174687C000C1D348</key>
		<dict>
			<key>fileRef</key>
			<string>30977B46174687C000C1D348</string>
			<key>isa</key>
			<string>PBXBuildFile</string>
		</dict>
		<key>30977B48174687C000C1D348</key>
		<dict>
			<key>isa</key>
			<string>PBXFileReference</string>
			<key>lastKnownFileType</key>
			<string>wrapper.framework</string>
			<key>name</key>
			<string>CoreGraphics.framework</string>
			<key>path</key>
			<string>System/Library/Frameworks/CoreGraphics.framework</string>
			<key>sourceTree</key>
			<string>SDKROOT</string>
		</dict>
		<key>30977B49174687C000C1D348</key>
		<dict>
			<key>fileRef</key>
			<string>30977B48174687C000C1D348</string>
			<key>isa</key>
			<string>PBXBuildFile</string>
		</dict>
		<key>30977B4A174687C000C1D348</key>
		<dict>
			<key>children</key>
			<array>
				<string>30977B53174687C000C1D348</string>
				<string>30977B54174687C000C1D348</string>
				<string>30977B5C174687C000C1D348</string>
				<string>30977B6C1746900C00C1D348</string>
				<string>30977B5F174687C000C1D348</string>
				<string>30977B60174687C000C1D348</string>
				<string>3043ADDC1746EC99005436AB</string>
				<string>3043ADDD1746EC99005436AB</string>
				<string>30977B4B174687C000C1D348</string>
				<string>3043ADB11746CCF8005436AB</string>
				<string>3043ADB21746CCF8005436AB</string>
			</array>
			<key>isa</key>
			<string>PBXGroup</string>
			<key>path</key>
			<string>WizardWar</string>
			<key>sourceTree</key>
			<string>&lt;group&gt;</string>
		</dict>
		<key>30977B4B174687C000C1D348</key>
		<dict>
			<key>children</key>
			<array>
				<string>30977B4C174687C000C1D348</string>
				<string>30977B4D174687C000C1D348</string>
				<string>30977B50174687C000C1D348</string>
				<string>30977B52174687C000C1D348</string>
				<string>30977B56174687C000C1D348</string>
				<string>30977B58174687C000C1D348</string>
				<string>30977B5A174687C000C1D348</string>
			</array>
			<key>isa</key>
			<string>PBXGroup</string>
			<key>name</key>
			<string>Supporting Files</string>
			<key>sourceTree</key>
			<string>&lt;group&gt;</string>
		</dict>
		<key>30977B4C174687C000C1D348</key>
		<dict>
			<key>isa</key>
			<string>PBXFileReference</string>
			<key>lastKnownFileType</key>
			<string>text.plist.xml</string>
			<key>path</key>
			<string>WizardWar-Info.plist</string>
			<key>sourceTree</key>
			<string>&lt;group&gt;</string>
		</dict>
		<key>30977B4D174687C000C1D348</key>
		<dict>
			<key>children</key>
			<array>
				<string>30977B4E174687C000C1D348</string>
			</array>
			<key>isa</key>
			<string>PBXVariantGroup</string>
			<key>name</key>
			<string>InfoPlist.strings</string>
			<key>sourceTree</key>
			<string>&lt;group&gt;</string>
		</dict>
		<key>30977B4E174687C000C1D348</key>
		<dict>
			<key>isa</key>
			<string>PBXFileReference</string>
			<key>lastKnownFileType</key>
			<string>text.plist.strings</string>
			<key>name</key>
			<string>en</string>
			<key>path</key>
			<string>en.lproj/InfoPlist.strings</string>
			<key>sourceTree</key>
			<string>&lt;group&gt;</string>
		</dict>
		<key>30977B4F174687C000C1D348</key>
		<dict>
			<key>fileRef</key>
			<string>30977B4D174687C000C1D348</string>
			<key>isa</key>
			<string>PBXBuildFile</string>
		</dict>
		<key>30977B50174687C000C1D348</key>
		<dict>
			<key>isa</key>
			<string>PBXFileReference</string>
			<key>lastKnownFileType</key>
			<string>sourcecode.c.objc</string>
			<key>path</key>
			<string>main.m</string>
			<key>sourceTree</key>
			<string>&lt;group&gt;</string>
		</dict>
		<key>30977B51174687C000C1D348</key>
		<dict>
			<key>fileRef</key>
			<string>30977B50174687C000C1D348</string>
			<key>isa</key>
			<string>PBXBuildFile</string>
		</dict>
		<key>30977B52174687C000C1D348</key>
		<dict>
			<key>isa</key>
			<string>PBXFileReference</string>
			<key>lastKnownFileType</key>
			<string>sourcecode.c.h</string>
			<key>path</key>
			<string>WizardWar-Prefix.pch</string>
			<key>sourceTree</key>
			<string>&lt;group&gt;</string>
		</dict>
		<key>30977B53174687C000C1D348</key>
		<dict>
			<key>isa</key>
			<string>PBXFileReference</string>
			<key>lastKnownFileType</key>
			<string>sourcecode.c.h</string>
			<key>path</key>
			<string>WWAppDelegate.h</string>
			<key>sourceTree</key>
			<string>&lt;group&gt;</string>
		</dict>
		<key>30977B54174687C000C1D348</key>
		<dict>
			<key>isa</key>
			<string>PBXFileReference</string>
			<key>lastKnownFileType</key>
			<string>sourcecode.c.objc</string>
			<key>path</key>
			<string>WWAppDelegate.m</string>
			<key>sourceTree</key>
			<string>&lt;group&gt;</string>
		</dict>
		<key>30977B55174687C000C1D348</key>
		<dict>
			<key>fileRef</key>
			<string>30977B54174687C000C1D348</string>
			<key>isa</key>
			<string>PBXBuildFile</string>
		</dict>
		<key>30977B56174687C000C1D348</key>
		<dict>
			<key>isa</key>
			<string>PBXFileReference</string>
			<key>lastKnownFileType</key>
			<string>image.png</string>
			<key>path</key>
			<string>Default.png</string>
			<key>sourceTree</key>
			<string>&lt;group&gt;</string>
		</dict>
		<key>30977B57174687C000C1D348</key>
		<dict>
			<key>fileRef</key>
			<string>30977B56174687C000C1D348</string>
			<key>isa</key>
			<string>PBXBuildFile</string>
		</dict>
		<key>30977B58174687C000C1D348</key>
		<dict>
			<key>isa</key>
			<string>PBXFileReference</string>
			<key>lastKnownFileType</key>
			<string>image.png</string>
			<key>path</key>
			<string>Default@2x.png</string>
			<key>sourceTree</key>
			<string>&lt;group&gt;</string>
		</dict>
		<key>30977B59174687C000C1D348</key>
		<dict>
			<key>fileRef</key>
			<string>30977B58174687C000C1D348</string>
			<key>isa</key>
			<string>PBXBuildFile</string>
		</dict>
		<key>30977B5A174687C000C1D348</key>
		<dict>
			<key>isa</key>
			<string>PBXFileReference</string>
			<key>lastKnownFileType</key>
			<string>image.png</string>
			<key>path</key>
			<string>Default-568h@2x.png</string>
			<key>sourceTree</key>
			<string>&lt;group&gt;</string>
		</dict>
		<key>30977B5B174687C000C1D348</key>
		<dict>
			<key>fileRef</key>
			<string>30977B5A174687C000C1D348</string>
			<key>isa</key>
			<string>PBXBuildFile</string>
		</dict>
		<key>30977B5C174687C000C1D348</key>
		<dict>
			<key>children</key>
			<array>
				<string>30977B5D174687C000C1D348</string>
			</array>
			<key>isa</key>
			<string>PBXVariantGroup</string>
			<key>name</key>
			<string>MainStoryboard.storyboard</string>
			<key>sourceTree</key>
			<string>&lt;group&gt;</string>
		</dict>
		<key>30977B5D174687C000C1D348</key>
		<dict>
			<key>isa</key>
			<string>PBXFileReference</string>
			<key>lastKnownFileType</key>
			<string>file.storyboard</string>
			<key>name</key>
			<string>en</string>
			<key>path</key>
			<string>en.lproj/MainStoryboard.storyboard</string>
			<key>sourceTree</key>
			<string>&lt;group&gt;</string>
		</dict>
		<key>30977B5E174687C000C1D348</key>
		<dict>
			<key>fileRef</key>
			<string>30977B5C174687C000C1D348</string>
			<key>isa</key>
			<string>PBXBuildFile</string>
		</dict>
		<key>30977B5F174687C000C1D348</key>
		<dict>
			<key>isa</key>
			<string>PBXFileReference</string>
			<key>lastKnownFileType</key>
			<string>sourcecode.c.h</string>
			<key>path</key>
			<string>PentagramViewController.h</string>
			<key>sourceTree</key>
			<string>&lt;group&gt;</string>
		</dict>
		<key>30977B60174687C000C1D348</key>
		<dict>
			<key>isa</key>
			<string>PBXFileReference</string>
			<key>lastKnownFileType</key>
			<string>sourcecode.c.objc</string>
			<key>path</key>
			<string>PentagramViewController.m</string>
			<key>sourceTree</key>
			<string>&lt;group&gt;</string>
		</dict>
		<key>30977B61174687C000C1D348</key>
		<dict>
			<key>fileRef</key>
			<string>30977B60174687C000C1D348</string>
			<key>isa</key>
			<string>PBXBuildFile</string>
		</dict>
		<key>30977B62174687C000C1D348</key>
		<dict>
			<key>buildSettings</key>
			<dict>
				<key>ALWAYS_SEARCH_USER_PATHS</key>
				<string>NO</string>
				<key>CLANG_CXX_LANGUAGE_STANDARD</key>
				<string>gnu++0x</string>
				<key>CLANG_CXX_LIBRARY</key>
				<string>libc++</string>
				<key>CLANG_ENABLE_OBJC_ARC</key>
				<string>YES</string>
				<key>CLANG_WARN_CONSTANT_CONVERSION</key>
				<string>YES</string>
				<key>CLANG_WARN_EMPTY_BODY</key>
				<string>YES</string>
				<key>CLANG_WARN_ENUM_CONVERSION</key>
				<string>YES</string>
				<key>CLANG_WARN_INT_CONVERSION</key>
				<string>YES</string>
				<key>CLANG_WARN__DUPLICATE_METHOD_MATCH</key>
				<string>YES</string>
				<key>CODE_SIGN_IDENTITY[sdk=iphoneos*]</key>
				<string>iPhone Developer</string>
				<key>COPY_PHASE_STRIP</key>
				<string>NO</string>
				<key>FRAMEWORK_SEARCH_PATHS</key>
				<array>
					<string>"/Applications/Spark Inspector.app/Contents/Resources/Frameworks"</string>
				</array>
				<key>GCC_C_LANGUAGE_STANDARD</key>
				<string>gnu99</string>
				<key>GCC_DYNAMIC_NO_PIC</key>
				<string>NO</string>
				<key>GCC_OPTIMIZATION_LEVEL</key>
				<string>0</string>
				<key>GCC_PREPROCESSOR_DEFINITIONS</key>
				<array>
					<string>DEBUG=1</string>
					<string>$(inherited)</string>
				</array>
				<key>GCC_SYMBOLS_PRIVATE_EXTERN</key>
				<string>NO</string>
				<key>GCC_WARN_ABOUT_RETURN_TYPE</key>
				<string>YES</string>
				<key>GCC_WARN_UNINITIALIZED_AUTOS</key>
				<string>YES</string>
				<key>GCC_WARN_UNUSED_VARIABLE</key>
				<string>YES</string>
				<key>IPHONEOS_DEPLOYMENT_TARGET</key>
				<string>6.1</string>
				<key>ONLY_ACTIVE_ARCH</key>
				<string>YES</string>
				<key>OTHER_LDFLAGS</key>
				<string>-ObjC</string>
				<key>SDKROOT</key>
				<string>iphoneos</string>
			</dict>
			<key>isa</key>
			<string>XCBuildConfiguration</string>
			<key>name</key>
			<string>Debug</string>
		</dict>
		<key>30977B63174687C000C1D348</key>
		<dict>
			<key>buildSettings</key>
			<dict>
				<key>ALWAYS_SEARCH_USER_PATHS</key>
				<string>NO</string>
				<key>CLANG_CXX_LANGUAGE_STANDARD</key>
				<string>gnu++0x</string>
				<key>CLANG_CXX_LIBRARY</key>
				<string>libc++</string>
				<key>CLANG_ENABLE_OBJC_ARC</key>
				<string>YES</string>
				<key>CLANG_WARN_CONSTANT_CONVERSION</key>
				<string>YES</string>
				<key>CLANG_WARN_EMPTY_BODY</key>
				<string>YES</string>
				<key>CLANG_WARN_ENUM_CONVERSION</key>
				<string>YES</string>
				<key>CLANG_WARN_INT_CONVERSION</key>
				<string>YES</string>
				<key>CLANG_WARN__DUPLICATE_METHOD_MATCH</key>
				<string>YES</string>
				<key>CODE_SIGN_IDENTITY[sdk=iphoneos*]</key>
				<string>iPhone Developer</string>
				<key>COPY_PHASE_STRIP</key>
				<string>YES</string>
				<key>FRAMEWORK_SEARCH_PATHS</key>
				<array>
					<string>"/Applications/Spark Inspector.app/Contents/Resources/Frameworks"</string>
				</array>
				<key>GCC_C_LANGUAGE_STANDARD</key>
				<string>gnu99</string>
				<key>GCC_WARN_ABOUT_RETURN_TYPE</key>
				<string>YES</string>
				<key>GCC_WARN_UNINITIALIZED_AUTOS</key>
				<string>YES</string>
				<key>GCC_WARN_UNUSED_VARIABLE</key>
				<string>YES</string>
				<key>IPHONEOS_DEPLOYMENT_TARGET</key>
				<string>6.1</string>
				<key>OTHER_CFLAGS</key>
				<string>-DNS_BLOCK_ASSERTIONS=1</string>
				<key>OTHER_LDFLAGS</key>
				<string>-ObjC</string>
				<key>SDKROOT</key>
				<string>iphoneos</string>
				<key>VALIDATE_PRODUCT</key>
				<string>YES</string>
			</dict>
			<key>isa</key>
			<string>XCBuildConfiguration</string>
			<key>name</key>
			<string>Release</string>
		</dict>
		<key>30977B64174687C000C1D348</key>
		<dict>
			<key>buildConfigurations</key>
			<array>
				<string>30977B65174687C000C1D348</string>
				<string>30977B66174687C000C1D348</string>
			</array>
			<key>defaultConfigurationIsVisible</key>
			<string>0</string>
			<key>defaultConfigurationName</key>
			<string>Release</string>
			<key>isa</key>
			<string>XCConfigurationList</string>
		</dict>
		<key>30977B65174687C000C1D348</key>
		<dict>
			<key>buildSettings</key>
			<dict>
				<key>FRAMEWORK_SEARCH_PATHS</key>
				<array>
					<string>"/Applications/Spark Inspector.app/Contents/Resources/Frameworks"</string>
				</array>
				<key>GCC_PRECOMPILE_PREFIX_HEADER</key>
				<string>YES</string>
				<key>GCC_PREFIX_HEADER</key>
				<string>WizardWar/WizardWar-Prefix.pch</string>
				<key>INFOPLIST_FILE</key>
				<string>WizardWar/WizardWar-Info.plist</string>
				<key>OTHER_LDFLAGS</key>
				<string>-ObjC</string>
				<key>PRODUCT_NAME</key>
				<string>$(TARGET_NAME)</string>
				<key>WRAPPER_EXTENSION</key>
				<string>app</string>
			</dict>
			<key>isa</key>
			<string>XCBuildConfiguration</string>
			<key>name</key>
			<string>Debug</string>
		</dict>
		<key>30977B66174687C000C1D348</key>
		<dict>
			<key>buildSettings</key>
			<dict>
				<key>FRAMEWORK_SEARCH_PATHS</key>
				<array>
					<string>"/Applications/Spark Inspector.app/Contents/Resources/Frameworks"</string>
				</array>
				<key>GCC_PRECOMPILE_PREFIX_HEADER</key>
				<string>YES</string>
				<key>GCC_PREFIX_HEADER</key>
				<string>WizardWar/WizardWar-Prefix.pch</string>
				<key>INFOPLIST_FILE</key>
				<string>WizardWar/WizardWar-Info.plist</string>
				<key>OTHER_LDFLAGS</key>
				<string>-ObjC</string>
				<key>PRODUCT_NAME</key>
				<string>$(TARGET_NAME)</string>
				<key>WRAPPER_EXTENSION</key>
				<string>app</string>
			</dict>
			<key>isa</key>
			<string>XCBuildConfiguration</string>
			<key>name</key>
			<string>Release</string>
		</dict>
		<key>30977B691746883600C1D348</key>
		<dict>
			<key>fileEncoding</key>
			<string>4</string>
			<key>isa</key>
			<string>PBXFileReference</string>
			<key>lastKnownFileType</key>
			<string>sourcecode.c.h</string>
			<key>name</key>
			<string>DotsView.h</string>
			<key>path</key>
			<string>WizardWar/DotsView.h</string>
			<key>sourceTree</key>
			<string>&lt;group&gt;</string>
		</dict>
		<key>30977B6A1746883600C1D348</key>
		<dict>
			<key>fileEncoding</key>
			<string>4</string>
			<key>isa</key>
			<string>PBXFileReference</string>
			<key>lastKnownFileType</key>
			<string>sourcecode.c.objc</string>
			<key>name</key>
			<string>DotsView.m</string>
			<key>path</key>
			<string>WizardWar/DotsView.m</string>
			<key>sourceTree</key>
			<string>&lt;group&gt;</string>
		</dict>
		<key>30977B6B1746883600C1D348</key>
		<dict>
			<key>fileRef</key>
			<string>30977B6A1746883600C1D348</string>
			<key>isa</key>
			<string>PBXBuildFile</string>
		</dict>
		<key>30977B6C1746900C00C1D348</key>
		<dict>
			<key>children</key>
			<array>
				<string>3043ADC81746E591005436AB</string>
				<string>3043ADC91746E591005436AB</string>
				<string>3043ADCA1746E592005436AB</string>
				<string>3043ADCB1746E592005436AB</string>
				<string>3043ADCC1746E592005436AB</string>
				<string>3043ADCD1746E592005436AB</string>
				<string>3043ADCE1746E592005436AB</string>
				<string>3043ADCF1746E592005436AB</string>
				<string>3043ADD01746E592005436AB</string>
				<string>3043ADD11746E592005436AB</string>
				<string>30977B6D1746900C00C1D348</string>
			</array>
			<key>isa</key>
			<string>PBXGroup</string>
			<key>path</key>
			<string>images</string>
			<key>sourceTree</key>
			<string>&lt;group&gt;</string>
		</dict>
		<key>30977B6D1746900C00C1D348</key>
		<dict>
			<key>isa</key>
			<string>PBXFileReference</string>
			<key>lastKnownFileType</key>
			<string>image.png</string>
			<key>path</key>
			<string>pentagram-bg@2x.png</string>
			<key>sourceTree</key>
			<string>&lt;group&gt;</string>
		</dict>
		<key>30977B6E1746900C00C1D348</key>
		<dict>
			<key>fileRef</key>
			<string>30977B6D1746900C00C1D348</string>
			<key>isa</key>
			<string>PBXBuildFile</string>
		</dict>
		<key>HYXIFWTDXJPPRRMDCEPMDTJH</key>
		<dict>
			<key>isa</key>
			<string>PBXFileReference</string>
			<key>lastKnownFileType</key>
			<string>wrapper.framework</string>
			<key>name</key>
			<string>QuartzCore.framework</string>
			<key>path</key>
			<string>System/Library/Frameworks/QuartzCore.framework</string>
			<key>sourceTree</key>
			<string>SDKROOT</string>
		</dict>
		<key>KHTIUSNFGMRPHCRVUMVBPGNH</key>
		<dict>
			<key>fileRef</key>
			<string>QMNTBWVDMICWTEJGUAKXRYSM</string>
			<key>isa</key>
			<string>PBXBuildFile</string>
		</dict>
		<key>KIYDQKWBMRKIEYEVRWSLKUDQ</key>
		<dict>
			<key>fileRef</key>
			<string>HYXIFWTDXJPPRRMDCEPMDTJH</string>
			<key>isa</key>
			<string>PBXBuildFile</string>
		</dict>
		<key>KNPONLATPTEBRUFEBXNXFHCQ</key>
		<dict>
			<key>fileRef</key>
			<string>THBDITSPYVFDWQYYBDCIDIXG</string>
			<key>isa</key>
			<string>PBXBuildFile</string>
		</dict>
		<key>QMNTBWVDMICWTEJGUAKXRYSM</key>
		<dict>
			<key>isa</key>
			<string>PBXFileReference</string>
			<key>lastKnownFileType</key>
			<string>wrapper.framework</string>
			<key>name</key>
			<string>SparkInspector.framework</string>
			<key>path</key>
			<string>/Applications/Spark Inspector.app/Contents/Resources/Frameworks/SparkInspector.framework</string>
			<key>sourceTree</key>
			<string>&lt;group&gt;</string>
		</dict>
		<key>THBDITSPYVFDWQYYBDCIDIXG</key>
		<dict>
			<key>isa</key>
			<string>PBXFileReference</string>
			<key>lastKnownFileType</key>
			<string>compiled.mach-o.dylib</string>
			<key>name</key>
			<string>libz.dylib</string>
			<key>path</key>
			<string>usr/lib/libz.dylib</string>
			<key>sourceTree</key>
			<string>SDKROOT</string>
		</dict>
	</dict>
	<key>rootObject</key>
	<string>30977B39174687C000C1D348</string>
</dict>
</plist>
